{
  "version": 4,
  "terraform_version": "1.6.6",
  "serial": 321,
  "lineage": "5e53354d-8dd3-282a-60e2-64b2028fcea8",
  "outputs": {},
  "resources": [
    {
      "module": "module.vpc",
      "mode": "managed",
      "type": "aws_vpc",
      "name": "default",
      "provider": "provider[\"registry.terraform.io/hashicorp/aws\"]",
      "instances": [
        {
          "index_key": 0,
          "schema_version": 1,
          "attributes": {
            "arn": "arn:aws:ec2:ap-south-1:752249616998:vpc/vpc-005f9f7c5011441e3",
            "assign_generated_ipv6_cidr_block": true,
            "cidr_block": "172.32.0.0/16",
            "default_network_acl_id": "acl-023f4a5f812739758",
            "default_route_table_id": "rtb-0f5b317d1989a2642",
            "default_security_group_id": "sg-0682c60cb06873fc0",
            "dhcp_options_id": "dopt-040feb3a1d3d403e2",
            "enable_classiclink": false,
            "enable_classiclink_dns_support": false,
            "enable_dns_hostnames": true,
            "enable_dns_support": true,
            "enable_network_address_usage_metrics": false,
            "id": "vpc-005f9f7c5011441e3",
            "instance_tenancy": "default",
            "ipv4_ipam_pool_id": null,
            "ipv4_netmask_length": null,
            "ipv6_association_id": "vpc-cidr-assoc-0e88c8f57fa78f7a9",
            "ipv6_cidr_block": "2406:da1a:13b:6b00::/56",
            "ipv6_cidr_block_network_border_group": "ap-south-1",
            "ipv6_ipam_pool_id": "",
            "ipv6_netmask_length": 0,
            "main_route_table_id": "rtb-0f5b317d1989a2642",
            "owner_id": "752249616998",
            "tags": {
              "Environment": "prod",
              "Name": "new-vpc",
              "Resource_type": "vpc",
              "Terraform": "true"
            },
            "tags_all": {
              "Environment": "prod",
              "Name": "new-vpc",
              "Resource_type": "vpc",
              "Terraform": "true"
            }
          },
          "sensitive_attributes": [],
          "private": "eyJzY2hlbWFfdmVyc2lvbiI6IjEifQ==",
          "create_before_destroy": true
        }
      ]
    }
  ],
  "check_results": null
}
