{
  "version": 4,
  "terraform_version": "1.6.6",
  "serial": 765,
  "lineage": "5e53354d-8dd3-282a-60e2-64b2028fcea8",
  "outputs": {
    "bastion_public_ip": {
      "value": "13.202.131.47",
      "type": "string"
    }
  },
  "resources": [
    {
      "mode": "data",
      "type": "aws_iam_policy_document",
      "name": "bastion_role",
      "provider": "provider[\"registry.terraform.io/hashicorp/aws\"]",
      "instances": [
        {
          "schema_version": 0,
          "attributes": {
            "id": "1903849331",
            "json": "{\n  \"Version\": \"2012-10-17\",\n  \"Statement\": [\n    {\n      \"Sid\": \"\",\n      \"Effect\": \"Allow\",\n      \"Action\": \"sts:AssumeRole\",\n      \"Principal\": {\n        \"Service\": \"ec2.amazonaws.com\"\n      }\n    }\n  ]\n}",
            "override_json": null,
            "override_policy_documents": null,
            "policy_id": null,
            "source_json": null,
            "source_policy_documents": null,
            "statement": [
              {
                "actions": [
                  "sts:AssumeRole"
                ],
                "condition": [],
                "effect": "Allow",
                "not_actions": [],
                "not_principals": [],
                "not_resources": [],
                "principals": [
                  {
                    "identifiers": [
                      "ec2.amazonaws.com"
                    ],
                    "type": "Service"
                  }
                ],
                "resources": [],
                "sid": ""
              }
            ],
            "version": "2012-10-17"
          },
          "sensitive_attributes": []
        }
      ]
    },
    {
      "mode": "data",
      "type": "aws_iam_policy_document",
      "name": "role",
      "provider": "provider[\"registry.terraform.io/hashicorp/aws\"]",
      "instances": [
        {
          "schema_version": 0,
          "attributes": {
            "id": "1903849331",
            "json": "{\n  \"Version\": \"2012-10-17\",\n  \"Statement\": [\n    {\n      \"Sid\": \"\",\n      \"Effect\": \"Allow\",\n      \"Action\": \"sts:AssumeRole\",\n      \"Principal\": {\n        \"Service\": \"ec2.amazonaws.com\"\n      }\n    }\n  ]\n}",
            "override_json": null,
            "override_policy_documents": null,
            "policy_id": null,
            "source_json": null,
            "source_policy_documents": null,
            "statement": [
              {
                "actions": [
                  "sts:AssumeRole"
                ],
                "condition": [],
                "effect": "Allow",
                "not_actions": [],
                "not_principals": [],
                "not_resources": [],
                "principals": [
                  {
                    "identifiers": [
                      "ec2.amazonaws.com"
                    ],
                    "type": "Service"
                  }
                ],
                "resources": [],
                "sid": ""
              }
            ],
            "version": "2012-10-17"
          },
          "sensitive_attributes": []
        }
      ]
    },
    {
      "mode": "data",
      "type": "null_data_source",
      "name": "wait_for_cluster_and_kubernetes_configmap",
      "provider": "provider[\"registry.terraform.io/hashicorp/null\"]",
      "instances": [
        {
          "schema_version": 0,
          "attributes": {
            "has_computed_default": "default",
            "id": "static",
            "inputs": {
              "cluster_name": "my-new-cluster-cluster",
              "kubernetes_config_map_id": "kube-system/aws-auth"
            },
            "outputs": {
              "cluster_name": "my-new-cluster-cluster",
              "kubernetes_config_map_id": "kube-system/aws-auth"
            },
            "random": "9062018029388571231"
          },
          "sensitive_attributes": []
        }
      ]
    },
    {
      "mode": "managed",
      "type": "aws_iam_instance_profile",
      "name": "bastion",
      "provider": "provider[\"registry.terraform.io/hashicorp/aws\"]",
      "instances": [
        {
          "schema_version": 0,
          "attributes": {
            "arn": "arn:aws:iam::752249616998:instance-profile/prod-bastion-host",
            "create_date": "2025-04-29T05:35:11Z",
            "id": "prod-bastion-host",
            "name": "prod-bastion-host",
            "name_prefix": "",
            "path": "/",
            "role": "prod-bastion-host",
            "tags": null,
            "tags_all": {},
            "unique_id": "AIPA26JMSHJTLT7R5KPOX"
          },
          "sensitive_attributes": [],
          "private": "bnVsbA==",
          "dependencies": [
            "aws_iam_role.bastion",
            "data.aws_iam_policy_document.bastion_role"
          ]
        }
      ]
    },
    {
      "mode": "managed",
      "type": "aws_iam_role",
      "name": "bastion",
      "provider": "provider[\"registry.terraform.io/hashicorp/aws\"]",
      "instances": [
        {
          "schema_version": 0,
          "attributes": {
            "arn": "arn:aws:iam::752249616998:role/prod-bastion-host",
            "assume_role_policy": "{\"Statement\":[{\"Action\":\"sts:AssumeRole\",\"Effect\":\"Allow\",\"Principal\":{\"Service\":\"ec2.amazonaws.com\"},\"Sid\":\"\"}],\"Version\":\"2012-10-17\"}",
            "create_date": "2025-04-29T05:35:09Z",
            "description": "",
            "force_detach_policies": false,
            "id": "prod-bastion-host",
            "inline_policy": [],
            "managed_policy_arns": [],
            "max_session_duration": 3600,
            "name": "prod-bastion-host",
            "name_prefix": "",
            "path": "/",
            "permissions_boundary": null,
            "role_last_used": [
              {
                "last_used_date": "",
                "region": ""
              }
            ],
            "tags": {
              "Name": "prod-bastion-host"
            },
            "tags_all": {
              "Name": "prod-bastion-host"
            },
            "unique_id": "AROA26JMSHJTASXP4BYKN"
          },
          "sensitive_attributes": [],
          "private": "bnVsbA==",
          "dependencies": [
            "data.aws_iam_policy_document.bastion_role"
          ]
        }
      ]
    },
    {
      "module": "module.bastion",
      "mode": "data",
      "type": "aws_ami",
      "name": "info",
      "provider": "provider[\"registry.terraform.io/hashicorp/aws\"]",
      "instances": [
        {
          "schema_version": 0,
          "attributes": {
            "architecture": "x86_64",
            "arn": "arn:aws:ec2:ap-south-1::image/ami-0393c667f03357980",
            "block_device_mappings": [
              {
                "device_name": "/dev/sda1",
                "ebs": {
                  "delete_on_termination": "true",
                  "encrypted": "false",
                  "iops": "0",
                  "snapshot_id": "snap-077ef49f4866df7af",
                  "throughput": "0",
                  "volume_size": "8",
                  "volume_type": "gp3"
                },
                "no_device": "",
                "virtual_name": ""
              },
              {
                "device_name": "/dev/sdb",
                "ebs": {},
                "no_device": "",
                "virtual_name": "ephemeral0"
              },
              {
                "device_name": "/dev/sdc",
                "ebs": {},
                "no_device": "",
                "virtual_name": "ephemeral1"
              }
            ],
            "boot_mode": "uefi-preferred",
            "creation_date": "2025-04-19T10:38:58.000Z",
            "deprecation_time": "2027-04-19T10:38:58.000Z",
            "description": "Canonical, Ubuntu, 24.04, amd64 noble image",
            "ena_support": true,
            "executable_users": null,
            "filter": [
              {
                "name": "image-id",
                "values": [
                  "ami-0393c667f03357980"
                ]
              }
            ],
            "hypervisor": "xen",
            "id": "ami-0393c667f03357980",
            "image_id": "ami-0393c667f03357980",
            "image_location": "amazon/ubuntu/images/hvm-ssd-gp3/ubuntu-noble-24.04-amd64-server-20250419",
            "image_owner_alias": "amazon",
            "image_type": "machine",
            "imds_support": "v2.0",
            "include_deprecated": false,
            "kernel_id": "",
            "most_recent": false,
            "name": "ubuntu/images/hvm-ssd-gp3/ubuntu-noble-24.04-amd64-server-20250419",
            "name_regex": null,
            "owner_id": "099720109477",
            "owners": null,
            "platform": "",
            "platform_details": "Linux/UNIX",
            "product_codes": [],
            "public": true,
            "ramdisk_id": "",
            "root_device_name": "/dev/sda1",
            "root_device_type": "ebs",
            "root_snapshot_id": "snap-077ef49f4866df7af",
            "sriov_net_support": "simple",
            "state": "available",
            "state_reason": {
              "code": "UNSET",
              "message": "UNSET"
            },
            "tags": {},
            "timeouts": null,
            "tpm_support": "",
            "usage_operation": "RunInstances",
            "virtualization_type": "hvm"
          },
          "sensitive_attributes": []
        }
      ]
    },
    {
      "module": "module.bastion",
      "mode": "data",
      "type": "aws_caller_identity",
      "name": "default",
      "provider": "provider[\"registry.terraform.io/hashicorp/aws\"]",
      "instances": [
        {
          "schema_version": 0,
          "attributes": {
            "account_id": "752249616998",
            "arn": "arn:aws:iam::752249616998:user/Ajin",
            "id": "752249616998",
            "user_id": "AIDA26JMSHJTOIXKVOT6S"
          },
          "sensitive_attributes": []
        }
      ]
    },
    {
      "module": "module.bastion",
      "mode": "data",
      "type": "aws_iam_instance_profile",
      "name": "given",
      "provider": "provider[\"registry.terraform.io/hashicorp/aws\"]",
      "instances": [
        {
          "index_key": 0,
          "schema_version": 0,
          "attributes": {
            "arn": "arn:aws:iam::752249616998:instance-profile/prod-bastion-host",
            "create_date": "2025-04-29 05:35:11 +0000 UTC",
            "id": "AIPA26JMSHJTLT7R5KPOX",
            "name": "prod-bastion-host",
            "path": "/",
            "role_arn": "arn:aws:iam::752249616998:role/prod-bastion-host",
            "role_id": "AROA26JMSHJTASXP4BYKN",
            "role_name": "prod-bastion-host"
          },
          "sensitive_attributes": []
        }
      ]
    },
    {
      "module": "module.bastion",
      "mode": "data",
      "type": "aws_iam_policy_document",
      "name": "default",
      "provider": "provider[\"registry.terraform.io/hashicorp/aws\"]",
      "instances": [
        {
          "schema_version": 0,
          "attributes": {
            "id": "1903849331",
            "json": "{\n  \"Version\": \"2012-10-17\",\n  \"Statement\": [\n    {\n      \"Sid\": \"\",\n      \"Effect\": \"Allow\",\n      \"Action\": \"sts:AssumeRole\",\n      \"Principal\": {\n        \"Service\": \"ec2.amazonaws.com\"\n      }\n    }\n  ]\n}",
            "override_json": null,
            "override_policy_documents": null,
            "policy_id": null,
            "source_json": null,
            "source_policy_documents": null,
            "statement": [
              {
                "actions": [
                  "sts:AssumeRole"
                ],
                "condition": [],
                "effect": "Allow",
                "not_actions": [],
                "not_principals": [],
                "not_resources": [],
                "principals": [
                  {
                    "identifiers": [
                      "ec2.amazonaws.com"
                    ],
                    "type": "Service"
                  }
                ],
                "resources": [],
                "sid": ""
              }
            ],
            "version": "2012-10-17"
          },
          "sensitive_attributes": []
        }
      ]
    },
    {
      "module": "module.bastion",
      "mode": "data",
      "type": "aws_partition",
      "name": "default",
      "provider": "provider[\"registry.terraform.io/hashicorp/aws\"]",
      "instances": [
        {
          "schema_version": 0,
          "attributes": {
            "dns_suffix": "amazonaws.com",
            "id": "aws",
            "partition": "aws",
            "reverse_dns_prefix": "com.amazonaws"
          },
          "sensitive_attributes": []
        }
      ]
    },
    {
      "module": "module.bastion",
      "mode": "data",
      "type": "aws_region",
      "name": "default",
      "provider": "provider[\"registry.terraform.io/hashicorp/aws\"]",
      "instances": [
        {
          "schema_version": 0,
          "attributes": {
            "description": "Asia Pacific (Mumbai)",
            "endpoint": "ec2.ap-south-1.amazonaws.com",
            "id": "ap-south-1",
            "name": "ap-south-1"
          },
          "sensitive_attributes": []
        }
      ]
    },
    {
      "module": "module.bastion",
      "mode": "data",
      "type": "aws_subnet",
      "name": "default",
      "provider": "provider[\"registry.terraform.io/hashicorp/aws\"]",
      "instances": [
        {
          "schema_version": 0,
          "attributes": {
            "arn": "arn:aws:ec2:ap-south-1:752249616998:subnet/subnet-01e359c09554e4763",
            "assign_ipv6_address_on_creation": false,
            "availability_zone": "ap-south-1a",
            "availability_zone_id": "aps1-az1",
            "available_ip_address_count": 8187,
            "cidr_block": "172.32.96.0/19",
            "customer_owned_ipv4_pool": "",
            "default_for_az": false,
            "enable_dns64": false,
            "enable_lni_at_device_index": 0,
            "enable_resource_name_dns_a_record_on_launch": false,
            "enable_resource_name_dns_aaaa_record_on_launch": false,
            "filter": null,
            "id": "subnet-01e359c09554e4763",
            "ipv6_cidr_block": "",
            "ipv6_cidr_block_association_id": "",
            "ipv6_native": false,
            "map_customer_owned_ip_on_launch": false,
            "map_public_ip_on_launch": true,
            "outpost_arn": "",
            "owner_id": "752249616998",
            "private_dns_hostname_type_on_launch": "ip-name",
            "state": "available",
            "tags": {
              "Attributes": "public",
              "Environment": "prod",
              "Name": "new-vpc-public-aps1a",
              "Resource_type": "dynamic_subnets",
              "Terraform": "true",
              "kubernetes.io/role/elb": "1",
              "subnet/type": "public"
            },
            "timeouts": null,
            "vpc_id": "vpc-0d337796c99964ecc"
          },
          "sensitive_attributes": []
        }
      ]
    },
    {
      "module": "module.bastion",
      "mode": "data",
      "type": "null_data_source",
      "name": "eip",
      "provider": "provider[\"registry.terraform.io/hashicorp/null\"]",
      "instances": [
        {
          "schema_version": 0,
          "attributes": {
            "has_computed_default": "default",
            "id": "static",
            "inputs": {
              "public_dns": "ec2-13-202-131-47.compute-1.amazonaws.com"
            },
            "outputs": {
              "public_dns": "ec2-13-202-131-47.compute-1.amazonaws.com"
            },
            "random": "7120952921217871121"
          },
          "sensitive_attributes": []
        }
      ]
    },
    {
      "module": "module.bastion",
      "mode": "managed",
      "type": "aws_eip",
      "name": "default",
      "provider": "provider[\"registry.terraform.io/hashicorp/aws\"]",
      "instances": [
        {
          "index_key": 0,
          "schema_version": 0,
          "attributes": {
            "address": null,
            "allocation_id": "eipalloc-09b9718385e603b64",
            "associate_with_private_ip": null,
            "association_id": "eipassoc-03915f096098cc1ea",
            "carrier_ip": "",
            "customer_owned_ip": "",
            "customer_owned_ipv4_pool": "",
            "domain": "vpc",
            "id": "eipalloc-09b9718385e603b64",
            "instance": "i-05d9fecdf1d32b480",
            "network_border_group": "ap-south-1",
            "network_interface": "eni-0dd3af69d87c8e0b2",
            "private_dns": "ip-172-32-125-56.ap-south-1.compute.internal",
            "private_ip": "172.32.125.56",
            "public_dns": "ec2-13-202-131-47.ap-south-1.compute.amazonaws.com",
            "public_ip": "13.202.131.47",
            "public_ipv4_pool": "amazon",
            "tags": {
              "Environment": "prod",
              "Name": "prod-bastion-host",
              "Resource_type": "ec2",
              "Terraform": "true"
            },
            "tags_all": {
              "Environment": "prod",
              "Name": "prod-bastion-host",
              "Resource_type": "ec2",
              "Terraform": "true"
            },
            "timeouts": null,
            "vpc": true
          },
          "sensitive_attributes": [],
          "private": "eyJlMmJmYjczMC1lY2FhLTExZTYtOGY4OC0zNDM2M2JjN2M0YzAiOnsiZGVsZXRlIjoxODAwMDAwMDAwMDAsInJlYWQiOjkwMDAwMDAwMDAwMCwidXBkYXRlIjozMDAwMDAwMDAwMDB9fQ==",
          "dependencies": [
            "aws_iam_instance_profile.bastion",
            "aws_iam_role.bastion",
            "data.aws_iam_policy_document.bastion_role",
            "module.bastion.aws_iam_instance_profile.default",
            "module.bastion.aws_iam_role.default",
            "module.bastion.aws_instance.default",
            "module.bastion.aws_security_group.default",
            "module.bastion.data.aws_ami.info",
            "module.bastion.data.aws_iam_policy_document.default",
            "module.bastion.data.aws_subnet.default",
            "module.bastion_aws_key_pair.aws_key_pair.generated",
            "module.bastion_aws_key_pair.aws_key_pair.imported",
            "module.bastion_aws_key_pair.tls_private_key.default",
            "module.dynamic_subnets.aws_subnet.public",
            "module.dynamic_subnets.data.aws_availability_zones.available",
            "module.dynamic_subnets.data.aws_vpc.default",
            "module.vpc.aws_vpc.default"
          ]
        }
      ]
    },
    {
      "module": "module.bastion",
      "mode": "managed",
      "type": "aws_instance",
      "name": "default",
      "provider": "provider[\"registry.terraform.io/hashicorp/aws\"]",
      "instances": [
        {
          "index_key": 0,
          "schema_version": 1,
          "attributes": {
            "ami": "ami-0393c667f03357980",
            "arn": "arn:aws:ec2:ap-south-1:752249616998:instance/i-05d9fecdf1d32b480",
            "associate_public_ip_address": true,
            "availability_zone": "ap-south-1a",
            "capacity_reservation_specification": [
              {
                "capacity_reservation_preference": "open",
                "capacity_reservation_target": []
              }
            ],
            "cpu_core_count": 1,
            "cpu_options": [
              {
                "amd_sev_snp": "",
                "core_count": 1,
                "threads_per_core": 1
              }
            ],
            "cpu_threads_per_core": 1,
            "credit_specification": [
              {
                "cpu_credits": "standard"
              }
            ],
            "disable_api_stop": false,
            "disable_api_termination": false,
            "ebs_block_device": [],
            "ebs_optimized": false,
            "enclave_options": [
              {
                "enabled": false
              }
            ],
            "ephemeral_block_device": [],
            "get_password_data": false,
            "hibernation": false,
            "host_id": "",
            "host_resource_group_arn": null,
            "iam_instance_profile": "prod-bastion-host",
            "id": "i-05d9fecdf1d32b480",
            "instance_initiated_shutdown_behavior": "stop",
            "instance_state": "running",
            "instance_type": "t2.micro",
            "ipv6_address_count": 0,
            "ipv6_addresses": [],
            "key_name": "woooba-prod-bastion-key",
            "launch_template": [],
            "maintenance_options": [
              {
                "auto_recovery": "default"
              }
            ],
            "metadata_options": [
              {
                "http_endpoint": "enabled",
                "http_put_response_hop_limit": 2,
                "http_tokens": "required",
                "instance_metadata_tags": "disabled"
              }
            ],
            "monitoring": true,
            "network_interface": [],
            "outpost_arn": "",
            "password_data": "",
            "placement_group": "",
            "placement_partition_number": 0,
            "primary_network_interface_id": "eni-0dd3af69d87c8e0b2",
            "private_dns": "ip-172-32-125-56.ap-south-1.compute.internal",
            "private_dns_name_options": [
              {
                "enable_resource_name_dns_a_record": false,
                "enable_resource_name_dns_aaaa_record": false,
                "hostname_type": "ip-name"
              }
            ],
            "private_ip": "172.32.125.56",
            "public_dns": "ec2-3-110-212-14.ap-south-1.compute.amazonaws.com",
            "public_ip": "3.110.212.14",
            "root_block_device": [
              {
                "delete_on_termination": true,
                "device_name": "/dev/sda1",
                "encrypted": false,
                "iops": 100,
                "kms_key_id": "",
                "tags": null,
                "throughput": 0,
                "volume_id": "vol-0bd15a7981397ee80",
                "volume_size": 30,
                "volume_type": "gp2"
              }
            ],
            "secondary_private_ips": [],
            "security_groups": [],
            "source_dest_check": true,
            "subnet_id": "subnet-01e359c09554e4763",
            "tags": {
              "Environment": "prod",
              "Name": "prod-bastion-host",
              "Resource_type": "ec2",
              "Terraform": "true"
            },
            "tags_all": {
              "Environment": "prod",
              "Name": "prod-bastion-host",
              "Resource_type": "ec2",
              "Terraform": "true"
            },
            "tenancy": "default",
            "timeouts": null,
            "user_data": "99f4291668daef922deed8374738f104316f1bc8",
            "user_data_base64": null,
            "user_data_replace_on_change": false,
            "volume_tags": null,
            "vpc_security_group_ids": [
              "sg-0e3d4598f53c5afa3"
            ]
          },
          "sensitive_attributes": [],
          "private": "eyJlMmJmYjczMC1lY2FhLTExZTYtOGY4OC0zNDM2M2JjN2M0YzAiOnsiY3JlYXRlIjo2MDAwMDAwMDAwMDAsImRlbGV0ZSI6MTIwMDAwMDAwMDAwMCwidXBkYXRlIjo2MDAwMDAwMDAwMDB9LCJzY2hlbWFfdmVyc2lvbiI6IjEifQ==",
          "dependencies": [
            "aws_iam_instance_profile.bastion",
            "aws_iam_role.bastion",
            "data.aws_iam_policy_document.bastion_role",
            "module.bastion.aws_iam_instance_profile.default",
            "module.bastion.aws_iam_role.default",
            "module.bastion.aws_security_group.default",
            "module.bastion.data.aws_ami.info",
            "module.bastion.data.aws_iam_policy_document.default",
            "module.bastion.data.aws_subnet.default",
            "module.bastion_aws_key_pair.aws_key_pair.generated",
            "module.bastion_aws_key_pair.aws_key_pair.imported",
            "module.bastion_aws_key_pair.tls_private_key.default",
            "module.dynamic_subnets.aws_subnet.public",
            "module.dynamic_subnets.data.aws_availability_zones.available",
            "module.dynamic_subnets.data.aws_vpc.default",
            "module.vpc.aws_vpc.default"
          ]
        }
      ]
    },
    {
      "module": "module.bastion",
      "mode": "managed",
      "type": "aws_security_group",
      "name": "default",
      "provider": "provider[\"registry.terraform.io/hashicorp/aws\"]",
      "instances": [
        {
          "index_key": 0,
          "schema_version": 1,
          "attributes": {
            "arn": "arn:aws:ec2:ap-south-1:752249616998:security-group/sg-0e3d4598f53c5afa3",
            "description": "Instance default security group (only egress access is allowed)",
            "egress": [],
            "id": "sg-0e3d4598f53c5afa3",
            "ingress": [],
            "name": "prod-bastion-host",
            "name_prefix": "",
            "owner_id": "752249616998",
            "revoke_rules_on_delete": false,
            "tags": {
              "Environment": "prod",
              "Name": "prod-bastion-host",
              "Resource_type": "ec2",
              "Terraform": "true"
            },
            "tags_all": {
              "Environment": "prod",
              "Name": "prod-bastion-host",
              "Resource_type": "ec2",
              "Terraform": "true"
            },
            "timeouts": null,
            "vpc_id": "vpc-0d337796c99964ecc"
          },
          "sensitive_attributes": [],
          "private": "eyJlMmJmYjczMC1lY2FhLTExZTYtOGY4OC0zNDM2M2JjN2M0YzAiOnsiY3JlYXRlIjo2MDAwMDAwMDAwMDAsImRlbGV0ZSI6OTAwMDAwMDAwMDAwfSwic2NoZW1hX3ZlcnNpb24iOiIxIn0=",
          "dependencies": [
            "module.vpc.aws_vpc.default"
          ],
          "create_before_destroy": true
        }
      ]
    },
    {
      "module": "module.bastion",
      "mode": "managed",
      "type": "aws_security_group_rule",
      "name": "egress",
      "provider": "provider[\"registry.terraform.io/hashicorp/aws\"]",
      "instances": [
        {
          "index_key": 0,
          "schema_version": 2,
          "attributes": {
            "cidr_blocks": [
              "0.0.0.0/0"
            ],
            "description": null,
            "from_port": 0,
            "id": "sgrule-3001705615",
            "ipv6_cidr_blocks": null,
            "prefix_list_ids": null,
            "protocol": "-1",
            "security_group_id": "sg-0e3d4598f53c5afa3",
            "security_group_rule_id": "sgr-058dd58f98f0ffdb8",
            "self": false,
            "source_security_group_id": null,
            "timeouts": null,
            "to_port": 65535,
            "type": "egress"
          },
          "sensitive_attributes": [],
          "private": "eyJlMmJmYjczMC1lY2FhLTExZTYtOGY4OC0zNDM2M2JjN2M0YzAiOnsiY3JlYXRlIjozMDAwMDAwMDAwMDB9LCJzY2hlbWFfdmVyc2lvbiI6IjIifQ==",
          "dependencies": [
            "module.bastion.aws_security_group.default",
            "module.vpc.aws_vpc.default"
          ]
        }
      ]
    },
    {
      "module": "module.bastion",
      "mode": "managed",
      "type": "aws_security_group_rule",
      "name": "ingress_tcp",
      "provider": "provider[\"registry.terraform.io/hashicorp/aws\"]",
      "instances": [
        {
          "index_key": 0,
          "schema_version": 2,
          "attributes": {
            "cidr_blocks": [
              "0.0.0.0/0"
            ],
            "description": null,
            "from_port": 80,
            "id": "sgrule-3556366379",
            "ipv6_cidr_blocks": null,
            "prefix_list_ids": null,
            "protocol": "tcp",
            "security_group_id": "sg-0e3d4598f53c5afa3",
            "security_group_rule_id": "sgr-06717bc0a79d6e541",
            "self": false,
            "source_security_group_id": null,
            "timeouts": null,
            "to_port": 80,
            "type": "ingress"
          },
          "sensitive_attributes": [],
          "private": "eyJlMmJmYjczMC1lY2FhLTExZTYtOGY4OC0zNDM2M2JjN2M0YzAiOnsiY3JlYXRlIjozMDAwMDAwMDAwMDB9LCJzY2hlbWFfdmVyc2lvbiI6IjIifQ==",
          "dependencies": [
            "module.bastion.aws_security_group.default",
            "module.vpc.aws_vpc.default"
          ]
        },
        {
          "index_key": 1,
          "schema_version": 2,
          "attributes": {
            "cidr_blocks": [
              "0.0.0.0/0"
            ],
            "description": null,
            "from_port": 443,
            "id": "sgrule-1482364548",
            "ipv6_cidr_blocks": null,
            "prefix_list_ids": null,
            "protocol": "tcp",
            "security_group_id": "sg-0e3d4598f53c5afa3",
            "security_group_rule_id": "sgr-0fe96aeaf2c4d2d41",
            "self": false,
            "source_security_group_id": null,
            "timeouts": null,
            "to_port": 443,
            "type": "ingress"
          },
          "sensitive_attributes": [],
          "private": "eyJlMmJmYjczMC1lY2FhLTExZTYtOGY4OC0zNDM2M2JjN2M0YzAiOnsiY3JlYXRlIjozMDAwMDAwMDAwMDB9LCJzY2hlbWFfdmVyc2lvbiI6IjIifQ==",
          "dependencies": [
            "module.bastion.aws_security_group.default",
            "module.vpc.aws_vpc.default"
          ]
        }
      ]
    },
    {
      "module": "module.bastion",
      "mode": "managed",
      "type": "null_resource",
      "name": "check_alarm_action",
      "provider": "provider[\"registry.terraform.io/hashicorp/null\"]",
      "instances": [
        {
          "index_key": 0,
          "schema_version": 0,
          "attributes": {
            "id": "7311122854223578066",
            "triggers": {
              "action": "arn:aws:swf:ap-south-1:752249616998:action/actions/AWS_EC2.InstanceId.Reboot/1.0"
            }
          },
          "sensitive_attributes": [],
          "private": "bnVsbA==",
          "dependencies": [
            "module.bastion.data.aws_caller_identity.default",
            "module.bastion.data.aws_partition.default",
            "module.bastion.data.aws_region.default"
          ]
        }
      ]
    },
    {
      "module": "module.bastion",
      "mode": "managed",
      "type": "null_resource",
      "name": "instance_profile_dependency",
      "provider": "provider[\"registry.terraform.io/hashicorp/null\"]",
      "instances": [
        {
          "index_key": 0,
          "schema_version": 0,
          "attributes": {
            "id": "840385137580392803",
            "triggers": {
              "dependency_id": "prod-bastion-host"
            }
          },
          "sensitive_attributes": [],
          "private": "bnVsbA==",
          "dependencies": [
            "aws_iam_instance_profile.bastion",
            "aws_iam_role.bastion",
            "data.aws_iam_policy_document.bastion_role"
          ]
        }
      ]
    },
    {
      "module": "module.bastion_aws_key_pair",
      "mode": "managed",
      "type": "aws_key_pair",
      "name": "generated",
      "provider": "provider[\"registry.terraform.io/hashicorp/aws\"]",
      "instances": [
        {
          "index_key": 0,
          "schema_version": 1,
          "attributes": {
            "arn": "arn:aws:ec2:ap-south-1:752249616998:key-pair/woooba-prod-bastion-key",
            "fingerprint": "26:f2:1b:c6:e8:e0:67:69:9d:be:93:04:1b:80:69:74",
            "id": "woooba-prod-bastion-key",
            "key_name": "woooba-prod-bastion-key",
            "key_name_prefix": "",
            "key_pair_id": "key-043580cf548a0f449",
            "key_type": "rsa",
            "public_key": "ssh-rsa AAAAB3NzaC1yc2EAAAADAQABAAABAQDOVeVLZzPfIdg01ZNtBGJHJ2N7E7NWURPKgGJs4T9IJWC587wntF4jXJnhyVO1/PGdtd1AntDfDhzDIA8GGtlN71lSM8n+i+TjbKu+pkM6A5+H5dncRh5gVWaiYfae0p6Ku+5oNm8VkK4efuRifZLnMAoTuSFDvjJZlBmcZZQAblkc+q84yNJerkWcn0cO4Rbz067HqprkeLFpoYq1C83RTCSP5VQOIsdHMXi+7bwA6bMLF/soA3E4uYCcup4peZSyIzKaoHbDovpeBzEHD+ocV++xROADF4+4YmsspYlxF4JRkum1YsSGM8VFkuSBf+u/4LQnEMb0MgoGUUvXaw8F",
            "tags": null,
            "tags_all": {}
          },
          "sensitive_attributes": [],
          "private": "eyJzY2hlbWFfdmVyc2lvbiI6IjEifQ==",
          "dependencies": [
            "module.bastion_aws_key_pair.tls_private_key.default"
          ]
        }
      ]
    },
    {
      "module": "module.bastion_aws_key_pair",
      "mode": "managed",
      "type": "local_file",
      "name": "private_key_pem",
      "provider": "provider[\"registry.terraform.io/hashicorp/local\"]",
      "instances": [
        {
          "index_key": 0,
          "schema_version": 0,
          "attributes": {
            "content": null,
            "content_base64": null,
            "directory_permission": "0777",
            "file_permission": "0600",
            "filename": "./secrets/woooba-prod-bastion-key.pem",
            "id": "1604c65aa9e9b4d292e26a9fc93de5cf04fe6476",
            "sensitive_content": "-----BEGIN RSA PRIVATE KEY-----\nMIIEogIBAAKCAQEAzlXlS2cz3yHYNNWTbQRiRydjexOzVlETyoBibOE/SCVgufO8\nJ7ReI1yZ4clTtfzxnbXdQJ7Q3w4cwyAPBhrZTe9ZUjPJ/ovk42yrvqZDOgOfh+XZ\n3EYeYFVmomH2ntKeirvuaDZvFZCuHn7kYn2S5zAKE7khQ74yWZQZnGWUAG5ZHPqv\nOMjSXq5FnJ9HDuEW89Oux6qa5HixaaGKtQvN0Uwkj+VUDiLHRzF4vu28AOmzCxf7\nKANxOLmAnLqeKXmUsiMymqB2w6L6XgcxBw/qHFfvsUTgAxePuGJrLKWJcReCUZLp\ntWLEhjPFRZLkgX/rv+C0JxDG9DIKBlFL12sPBQIDAQABAoIBAGmhobxjfjO6MOSD\nfnDuMJ36tTwaDtKeuUIPTdQt0GbP89/evrGY7iSuUH09w2REtTEnHLjrVUUMBX+D\nVw2qCxuR8ClcKAnvdmNTi+0TUxFNL4u0CT9yijSJI/z3p/kRHGcr5NZnH6Frqygj\nkCo33VAL0Ozd9wCmS0J+xknB2u4IpLA1G+SQGATpbHENigRA7/EryjH4MjdPsIfJ\na5TAIyMvqIghrCaYwt1FxY1zQAU+Hly897K7w1DI85QIaLtBZxu3Oz7EY60EMKN/\nQ1j0PXxszo9LNKtv/B379IGmDtxmdcNV+fhrC0keRZVpJ8S0UBDSMMcNRfrY3kvz\nlDlNQ6ECgYEA4qvmsCJMrKePR9XUlzEKgWvVnu48WoUgC1CgXKF4i/hg+JAPT8+v\nKf2etAZa0X26EtUT0Xdn+2XVaGeNB+gugHtYXBHNVn6zybBOfc/7oytIDv3EWzQZ\nKAE5FF9mLcm3JkM9cJ1hNdEBz2GOmstrmSn7qk0HxQFmbwk4j71Z070CgYEA6Qhm\nusrqcddudPa/XvM7zACRBh9pYcnq66ShKqwPDM657crKGo1yjtP0+k5XKRtM1k9e\nards1PXT2N6o3KF2hbwghnK7AuXLcgabLCbaXFjKwY/Jdqo6AgFnDFWSTzSbxkb3\njvle7h80XcUzUafDuhCfxGZmRWAXU4C/pL04OOkCgYBoF6kImbe8UfZqdrf59nts\nk6i2I5FzwE7G42/BGiXRoW5mt0FQ1X8LOXz4DzMFoUch/tfrCXqm6EzodSU+zFEO\nj5Y0MbiqT+UgaeahwDE+7VFaEQ9rErG6vVUJFgZGYKvK1nYQkTVjEWhTY+mpDGGN\nJMp9moJG5i20L/fZiosFwQKBgDZ/t37R+/h52KRUHLd5DTANpd0XtY6gKWfIzcRs\nDu0A3+zj81Y4ZGVQ3sc3UR0U/GhWkY9FrJc1ksDyee13eX+XWsf2xxPLaEQXlWzC\n/WiBf5G7LfOppf1YFKCG1rvdYt0BNd5jJbds5tNTTkg3gwfd4W+OPzbUXUAzKR6+\n/goZAoGAIA9chkCTTumnsZKp6Z2tQtrLl5pdIhioOsNHmwEFjnP/tyqhnEUkwXdR\nvNnp/bNsMV8J4vxoCTTK/7ZqQFcZeaq4Yj2cdZnlgFGMYogS+O8y3tSmCumD0bSh\n6y/Rm489DIxJFsW7Aznrr6hJWTqOPQRu/cHUkNwt7oNEZAUvtJg=\n-----END RSA PRIVATE KEY-----\n"
          },
          "sensitive_attributes": [
            [
              {
                "type": "get_attr",
                "value": "sensitive_content"
              }
            ]
          ],
          "private": "bnVsbA==",
          "dependencies": [
            "module.bastion_aws_key_pair.tls_private_key.default"
          ]
        }
      ]
    },
    {
      "module": "module.bastion_aws_key_pair",
      "mode": "managed",
      "type": "local_file",
      "name": "public_key_openssh",
      "provider": "provider[\"registry.terraform.io/hashicorp/local\"]",
      "instances": [
        {
          "index_key": 0,
          "schema_version": 0,
          "attributes": {
            "content": "ssh-rsa AAAAB3NzaC1yc2EAAAADAQABAAABAQDOVeVLZzPfIdg01ZNtBGJHJ2N7E7NWURPKgGJs4T9IJWC587wntF4jXJnhyVO1/PGdtd1AntDfDhzDIA8GGtlN71lSM8n+i+TjbKu+pkM6A5+H5dncRh5gVWaiYfae0p6Ku+5oNm8VkK4efuRifZLnMAoTuSFDvjJZlBmcZZQAblkc+q84yNJerkWcn0cO4Rbz067HqprkeLFpoYq1C83RTCSP5VQOIsdHMXi+7bwA6bMLF/soA3E4uYCcup4peZSyIzKaoHbDovpeBzEHD+ocV++xROADF4+4YmsspYlxF4JRkum1YsSGM8VFkuSBf+u/4LQnEMb0MgoGUUvXaw8F\n",
            "content_base64": null,
            "directory_permission": "0777",
            "file_permission": "0777",
            "filename": "./secrets/woooba-prod-bastion-key.pub",
            "id": "4ef8de5161f2bbb2c3b69f59f88b13c4ab17dfb8",
            "sensitive_content": null
          },
          "sensitive_attributes": [],
          "private": "bnVsbA==",
          "dependencies": [
            "module.bastion_aws_key_pair.tls_private_key.default"
          ]
        }
      ]
    },
    {
      "module": "module.bastion_aws_key_pair",
      "mode": "managed",
      "type": "tls_private_key",
      "name": "default",
      "provider": "provider[\"registry.terraform.io/hashicorp/tls\"]",
      "instances": [
        {
          "index_key": 0,
          "schema_version": 0,
          "attributes": {
            "algorithm": "RSA",
            "ecdsa_curve": "P224",
            "id": "73f311c6108b1885a9284cebab91e4530ecb0585",
            "private_key_pem": "-----BEGIN RSA PRIVATE KEY-----\nMIIEogIBAAKCAQEAzlXlS2cz3yHYNNWTbQRiRydjexOzVlETyoBibOE/SCVgufO8\nJ7ReI1yZ4clTtfzxnbXdQJ7Q3w4cwyAPBhrZTe9ZUjPJ/ovk42yrvqZDOgOfh+XZ\n3EYeYFVmomH2ntKeirvuaDZvFZCuHn7kYn2S5zAKE7khQ74yWZQZnGWUAG5ZHPqv\nOMjSXq5FnJ9HDuEW89Oux6qa5HixaaGKtQvN0Uwkj+VUDiLHRzF4vu28AOmzCxf7\nKANxOLmAnLqeKXmUsiMymqB2w6L6XgcxBw/qHFfvsUTgAxePuGJrLKWJcReCUZLp\ntWLEhjPFRZLkgX/rv+C0JxDG9DIKBlFL12sPBQIDAQABAoIBAGmhobxjfjO6MOSD\nfnDuMJ36tTwaDtKeuUIPTdQt0GbP89/evrGY7iSuUH09w2REtTEnHLjrVUUMBX+D\nVw2qCxuR8ClcKAnvdmNTi+0TUxFNL4u0CT9yijSJI/z3p/kRHGcr5NZnH6Frqygj\nkCo33VAL0Ozd9wCmS0J+xknB2u4IpLA1G+SQGATpbHENigRA7/EryjH4MjdPsIfJ\na5TAIyMvqIghrCaYwt1FxY1zQAU+Hly897K7w1DI85QIaLtBZxu3Oz7EY60EMKN/\nQ1j0PXxszo9LNKtv/B379IGmDtxmdcNV+fhrC0keRZVpJ8S0UBDSMMcNRfrY3kvz\nlDlNQ6ECgYEA4qvmsCJMrKePR9XUlzEKgWvVnu48WoUgC1CgXKF4i/hg+JAPT8+v\nKf2etAZa0X26EtUT0Xdn+2XVaGeNB+gugHtYXBHNVn6zybBOfc/7oytIDv3EWzQZ\nKAE5FF9mLcm3JkM9cJ1hNdEBz2GOmstrmSn7qk0HxQFmbwk4j71Z070CgYEA6Qhm\nusrqcddudPa/XvM7zACRBh9pYcnq66ShKqwPDM657crKGo1yjtP0+k5XKRtM1k9e\nards1PXT2N6o3KF2hbwghnK7AuXLcgabLCbaXFjKwY/Jdqo6AgFnDFWSTzSbxkb3\njvle7h80XcUzUafDuhCfxGZmRWAXU4C/pL04OOkCgYBoF6kImbe8UfZqdrf59nts\nk6i2I5FzwE7G42/BGiXRoW5mt0FQ1X8LOXz4DzMFoUch/tfrCXqm6EzodSU+zFEO\nj5Y0MbiqT+UgaeahwDE+7VFaEQ9rErG6vVUJFgZGYKvK1nYQkTVjEWhTY+mpDGGN\nJMp9moJG5i20L/fZiosFwQKBgDZ/t37R+/h52KRUHLd5DTANpd0XtY6gKWfIzcRs\nDu0A3+zj81Y4ZGVQ3sc3UR0U/GhWkY9FrJc1ksDyee13eX+XWsf2xxPLaEQXlWzC\n/WiBf5G7LfOppf1YFKCG1rvdYt0BNd5jJbds5tNTTkg3gwfd4W+OPzbUXUAzKR6+\n/goZAoGAIA9chkCTTumnsZKp6Z2tQtrLl5pdIhioOsNHmwEFjnP/tyqhnEUkwXdR\nvNnp/bNsMV8J4vxoCTTK/7ZqQFcZeaq4Yj2cdZnlgFGMYogS+O8y3tSmCumD0bSh\n6y/Rm489DIxJFsW7Aznrr6hJWTqOPQRu/cHUkNwt7oNEZAUvtJg=\n-----END RSA PRIVATE KEY-----\n",
            "public_key_fingerprint_md5": "71:ac:e8:0b:15:80:85:fc:80:55:cc:e3:9f:bd:69:f1",
            "public_key_openssh": "ssh-rsa AAAAB3NzaC1yc2EAAAADAQABAAABAQDOVeVLZzPfIdg01ZNtBGJHJ2N7E7NWURPKgGJs4T9IJWC587wntF4jXJnhyVO1/PGdtd1AntDfDhzDIA8GGtlN71lSM8n+i+TjbKu+pkM6A5+H5dncRh5gVWaiYfae0p6Ku+5oNm8VkK4efuRifZLnMAoTuSFDvjJZlBmcZZQAblkc+q84yNJerkWcn0cO4Rbz067HqprkeLFpoYq1C83RTCSP5VQOIsdHMXi+7bwA6bMLF/soA3E4uYCcup4peZSyIzKaoHbDovpeBzEHD+ocV++xROADF4+4YmsspYlxF4JRkum1YsSGM8VFkuSBf+u/4LQnEMb0MgoGUUvXaw8F\n",
            "public_key_pem": "-----BEGIN PUBLIC KEY-----\nMIIBIjANBgkqhkiG9w0BAQEFAAOCAQ8AMIIBCgKCAQEAzlXlS2cz3yHYNNWTbQRi\nRydjexOzVlETyoBibOE/SCVgufO8J7ReI1yZ4clTtfzxnbXdQJ7Q3w4cwyAPBhrZ\nTe9ZUjPJ/ovk42yrvqZDOgOfh+XZ3EYeYFVmomH2ntKeirvuaDZvFZCuHn7kYn2S\n5zAKE7khQ74yWZQZnGWUAG5ZHPqvOMjSXq5FnJ9HDuEW89Oux6qa5HixaaGKtQvN\n0Uwkj+VUDiLHRzF4vu28AOmzCxf7KANxOLmAnLqeKXmUsiMymqB2w6L6XgcxBw/q\nHFfvsUTgAxePuGJrLKWJcReCUZLptWLEhjPFRZLkgX/rv+C0JxDG9DIKBlFL12sP\nBQIDAQAB\n-----END PUBLIC KEY-----\n",
            "rsa_bits": 2048
          },
          "sensitive_attributes": [],
          "private": "bnVsbA=="
        }
      ]
    },
    {
      "module": "module.dynamic_subnets",
      "mode": "data",
      "type": "aws_availability_zones",
      "name": "available",
      "provider": "provider[\"registry.terraform.io/hashicorp/aws\"]",
      "instances": [
        {
          "index_key": 0,
          "schema_version": 0,
          "attributes": {
            "all_availability_zones": null,
            "exclude_names": null,
            "exclude_zone_ids": null,
            "filter": null,
            "group_names": [
              "ap-south-1-zg-1"
            ],
            "id": "ap-south-1",
            "names": [
              "ap-south-1a",
              "ap-south-1b",
              "ap-south-1c"
            ],
            "state": null,
            "timeouts": null,
            "zone_ids": [
              "aps1-az1",
              "aps1-az3",
              "aps1-az2"
            ]
          },
          "sensitive_attributes": []
        }
      ]
    },
    {
      "module": "module.dynamic_subnets",
      "mode": "data",
      "type": "aws_vpc",
      "name": "default",
      "provider": "provider[\"registry.terraform.io/hashicorp/aws\"]",
      "instances": [
        {
          "index_key": 0,
          "schema_version": 0,
          "attributes": {
            "arn": "arn:aws:ec2:ap-south-1:752249616998:vpc/vpc-0d337796c99964ecc",
            "cidr_block": "172.32.0.0/16",
            "cidr_block_associations": [
              {
                "association_id": "vpc-cidr-assoc-0b62e70e2f25f5a40",
                "cidr_block": "172.32.0.0/16",
                "state": "associated"
              }
            ],
            "default": false,
            "dhcp_options_id": "dopt-040feb3a1d3d403e2",
            "enable_dns_hostnames": true,
            "enable_dns_support": true,
            "enable_network_address_usage_metrics": false,
            "filter": null,
            "id": "vpc-0d337796c99964ecc",
            "instance_tenancy": "default",
            "ipv6_association_id": "vpc-cidr-assoc-0570fbe07baa7fb1a",
            "ipv6_cidr_block": "2406:da1a:a5b:eb00::/56",
            "main_route_table_id": "rtb-01b30dcb557800a62",
            "owner_id": "752249616998",
            "state": null,
            "tags": {
              "Environment": "prod",
              "Name": "new-vpc",
              "Resource_type": "vpc",
              "Terraform": "true"
            },
            "timeouts": null
          },
          "sensitive_attributes": []
        }
      ]
    },
    {
      "module": "module.dynamic_subnets",
      "mode": "managed",
      "type": "aws_eip",
      "name": "default",
      "provider": "provider[\"registry.terraform.io/hashicorp/aws\"]",
      "instances": [
        {
          "index_key": 0,
          "schema_version": 0,
          "attributes": {
            "address": null,
            "allocation_id": "eipalloc-0e62aae6136f13f0a",
            "associate_with_private_ip": null,
            "association_id": "",
            "carrier_ip": "",
            "customer_owned_ip": "",
            "customer_owned_ipv4_pool": "",
            "domain": "vpc",
            "id": "eipalloc-0e62aae6136f13f0a",
            "instance": "",
            "network_border_group": "ap-south-1",
            "network_interface": "",
            "private_dns": null,
            "private_ip": "",
            "public_dns": "ec2-52-66-118-117.ap-south-1.compute.amazonaws.com",
            "public_ip": "52.66.118.117",
            "public_ipv4_pool": "amazon",
            "tags": {
              "Attributes": "private",
              "Environment": "prod",
              "Name": "new-vpc-private-aps1a",
              "Resource_type": "dynamic_subnets",
              "Terraform": "true",
              "kubernetes.io/role/internal-elb": "1",
              "subnet/type": "private"
            },
            "tags_all": {
              "Attributes": "private",
              "Environment": "prod",
              "Name": "new-vpc-private-aps1a",
              "Resource_type": "dynamic_subnets",
              "Terraform": "true",
              "kubernetes.io/role/internal-elb": "1",
              "subnet/type": "private"
            },
            "timeouts": null,
            "vpc": true
          },
          "sensitive_attributes": [],
          "private": "eyJlMmJmYjczMC1lY2FhLTExZTYtOGY4OC0zNDM2M2JjN2M0YzAiOnsiZGVsZXRlIjoxODAwMDAwMDAwMDAsInJlYWQiOjkwMDAwMDAwMDAwMCwidXBkYXRlIjozMDAwMDAwMDAwMDB9fQ==",
          "create_before_destroy": true
        },
        {
          "index_key": 1,
          "schema_version": 0,
          "attributes": {
            "address": null,
            "allocation_id": "eipalloc-08467c862863d66e5",
            "associate_with_private_ip": null,
            "association_id": "",
            "carrier_ip": "",
            "customer_owned_ip": "",
            "customer_owned_ipv4_pool": "",
            "domain": "vpc",
            "id": "eipalloc-08467c862863d66e5",
            "instance": "",
            "network_border_group": "ap-south-1",
            "network_interface": "",
            "private_dns": null,
            "private_ip": "",
            "public_dns": "ec2-15-207-175-79.ap-south-1.compute.amazonaws.com",
            "public_ip": "15.207.175.79",
            "public_ipv4_pool": "amazon",
            "tags": {
              "Attributes": "private",
              "Environment": "prod",
              "Name": "new-vpc-private-aps1b",
              "Resource_type": "dynamic_subnets",
              "Terraform": "true",
              "kubernetes.io/role/internal-elb": "1",
              "subnet/type": "private"
            },
            "tags_all": {
              "Attributes": "private",
              "Environment": "prod",
              "Name": "new-vpc-private-aps1b",
              "Resource_type": "dynamic_subnets",
              "Terraform": "true",
              "kubernetes.io/role/internal-elb": "1",
              "subnet/type": "private"
            },
            "timeouts": null,
            "vpc": true
          },
          "sensitive_attributes": [],
          "private": "eyJlMmJmYjczMC1lY2FhLTExZTYtOGY4OC0zNDM2M2JjN2M0YzAiOnsiZGVsZXRlIjoxODAwMDAwMDAwMDAsInJlYWQiOjkwMDAwMDAwMDAwMCwidXBkYXRlIjozMDAwMDAwMDAwMDB9fQ==",
          "create_before_destroy": true
        },
        {
          "index_key": 2,
          "schema_version": 0,
          "attributes": {
            "address": null,
            "allocation_id": "eipalloc-028ee476ecde9e9dc",
            "associate_with_private_ip": null,
            "association_id": "",
            "carrier_ip": "",
            "customer_owned_ip": "",
            "customer_owned_ipv4_pool": "",
            "domain": "vpc",
            "id": "eipalloc-028ee476ecde9e9dc",
            "instance": "",
            "network_border_group": "ap-south-1",
            "network_interface": "",
            "private_dns": null,
            "private_ip": "",
            "public_dns": "ec2-13-203-247-150.ap-south-1.compute.amazonaws.com",
            "public_ip": "13.203.247.150",
            "public_ipv4_pool": "amazon",
            "tags": {
              "Attributes": "private",
              "Environment": "prod",
              "Name": "new-vpc-private-aps1c",
              "Resource_type": "dynamic_subnets",
              "Terraform": "true",
              "kubernetes.io/role/internal-elb": "1",
              "subnet/type": "private"
            },
            "tags_all": {
              "Attributes": "private",
              "Environment": "prod",
              "Name": "new-vpc-private-aps1c",
              "Resource_type": "dynamic_subnets",
              "Terraform": "true",
              "kubernetes.io/role/internal-elb": "1",
              "subnet/type": "private"
            },
            "timeouts": null,
            "vpc": true
          },
          "sensitive_attributes": [],
          "private": "eyJlMmJmYjczMC1lY2FhLTExZTYtOGY4OC0zNDM2M2JjN2M0YzAiOnsiZGVsZXRlIjoxODAwMDAwMDAwMDAsInJlYWQiOjkwMDAwMDAwMDAwMCwidXBkYXRlIjozMDAwMDAwMDAwMDB9fQ==",
          "create_before_destroy": true
        }
      ]
    },
    {
      "module": "module.dynamic_subnets",
      "mode": "managed",
      "type": "aws_nat_gateway",
      "name": "default",
      "provider": "provider[\"registry.terraform.io/hashicorp/aws\"]",
      "instances": [
        {
          "index_key": 0,
          "schema_version": 0,
          "attributes": {
            "allocation_id": "eipalloc-0e62aae6136f13f0a",
            "association_id": "eipassoc-0e17a9a305823d960",
            "connectivity_type": "public",
            "id": "nat-0c27943dd8b5ae441",
            "network_interface_id": "eni-00357d1501104abb9",
            "private_ip": "172.32.120.104",
            "public_ip": "52.66.118.117",
            "subnet_id": "subnet-01e359c09554e4763",
            "tags": {
              "Attributes": "nat",
              "Environment": "prod",
              "Name": "new-vpc-nat-aps1a",
              "Resource_type": "dynamic_subnets",
              "Terraform": "true"
            },
            "tags_all": {
              "Attributes": "nat",
              "Environment": "prod",
              "Name": "new-vpc-nat-aps1a",
              "Resource_type": "dynamic_subnets",
              "Terraform": "true"
            }
          },
          "sensitive_attributes": [],
          "private": "bnVsbA==",
          "dependencies": [
            "module.dynamic_subnets.aws_eip.default",
            "module.dynamic_subnets.aws_subnet.public",
            "module.dynamic_subnets.data.aws_availability_zones.available",
            "module.dynamic_subnets.data.aws_eip.nat_ips",
            "module.dynamic_subnets.data.aws_vpc.default",
            "module.vpc.aws_vpc.default"
          ],
          "create_before_destroy": true
        },
        {
          "index_key": 1,
          "schema_version": 0,
          "attributes": {
            "allocation_id": "eipalloc-08467c862863d66e5",
            "association_id": "eipassoc-034962bd08c00b3d9",
            "connectivity_type": "public",
            "id": "nat-09264a79180633ba1",
            "network_interface_id": "eni-05f64213127abf07a",
            "private_ip": "172.32.159.20",
            "public_ip": "15.207.175.79",
            "subnet_id": "subnet-09fc028aa18246368",
            "tags": {
              "Attributes": "nat",
              "Environment": "prod",
              "Name": "new-vpc-nat-aps1b",
              "Resource_type": "dynamic_subnets",
              "Terraform": "true"
            },
            "tags_all": {
              "Attributes": "nat",
              "Environment": "prod",
              "Name": "new-vpc-nat-aps1b",
              "Resource_type": "dynamic_subnets",
              "Terraform": "true"
            }
          },
          "sensitive_attributes": [],
          "private": "bnVsbA==",
          "dependencies": [
            "module.dynamic_subnets.aws_eip.default",
            "module.dynamic_subnets.aws_subnet.public",
            "module.dynamic_subnets.data.aws_availability_zones.available",
            "module.dynamic_subnets.data.aws_eip.nat_ips",
            "module.dynamic_subnets.data.aws_vpc.default",
            "module.vpc.aws_vpc.default"
          ],
          "create_before_destroy": true
        },
        {
          "index_key": 2,
          "schema_version": 0,
          "attributes": {
            "allocation_id": "eipalloc-028ee476ecde9e9dc",
            "association_id": "eipassoc-0378cb1c6ab994746",
            "connectivity_type": "public",
            "id": "nat-02e43352733430f20",
            "network_interface_id": "eni-048135e3ac481ba33",
            "private_ip": "172.32.162.46",
            "public_ip": "13.203.247.150",
            "subnet_id": "subnet-09d98a1dc8816b846",
            "tags": {
              "Attributes": "nat",
              "Environment": "prod",
              "Name": "new-vpc-nat-aps1c",
              "Resource_type": "dynamic_subnets",
              "Terraform": "true"
            },
            "tags_all": {
              "Attributes": "nat",
              "Environment": "prod",
              "Name": "new-vpc-nat-aps1c",
              "Resource_type": "dynamic_subnets",
              "Terraform": "true"
            }
          },
          "sensitive_attributes": [],
          "private": "bnVsbA==",
          "dependencies": [
            "module.dynamic_subnets.aws_eip.default",
            "module.dynamic_subnets.aws_subnet.public",
            "module.dynamic_subnets.data.aws_availability_zones.available",
            "module.dynamic_subnets.data.aws_eip.nat_ips",
            "module.dynamic_subnets.data.aws_vpc.default",
            "module.vpc.aws_vpc.default"
          ],
          "create_before_destroy": true
        }
      ]
    },
    {
      "module": "module.dynamic_subnets",
      "mode": "managed",
      "type": "aws_network_acl",
      "name": "private",
      "provider": "provider[\"registry.terraform.io/hashicorp/aws\"]",
      "instances": [
        {
          "index_key": 0,
          "schema_version": 0,
          "attributes": {
            "arn": "arn:aws:ec2:ap-south-1:752249616998:network-acl/acl-0b656adad163a63f8",
            "egress": [
              {
                "action": "allow",
                "cidr_block": "0.0.0.0/0",
                "from_port": 0,
                "icmp_code": null,
                "icmp_type": null,
                "ipv6_cidr_block": "",
                "protocol": "-1",
                "rule_no": 100,
                "to_port": 0
              }
            ],
            "id": "acl-0b656adad163a63f8",
            "ingress": [
              {
                "action": "allow",
                "cidr_block": "0.0.0.0/0",
                "from_port": 0,
                "icmp_code": null,
                "icmp_type": null,
                "ipv6_cidr_block": "",
                "protocol": "-1",
                "rule_no": 100,
                "to_port": 0
              }
            ],
            "owner_id": "752249616998",
            "subnet_ids": [
              "subnet-048978e6a88cfb394",
              "subnet-0742290def47d6fde",
              "subnet-0d2defec161069197"
            ],
            "tags": {
              "Attributes": "private",
              "Environment": "prod",
              "Name": "new-vpc-private",
              "Resource_type": "dynamic_subnets",
              "Terraform": "true",
              "kubernetes.io/role/internal-elb": "1",
              "subnet/type": "private"
            },
            "tags_all": {
              "Attributes": "private",
              "Environment": "prod",
              "Name": "new-vpc-private",
              "Resource_type": "dynamic_subnets",
              "Terraform": "true",
              "kubernetes.io/role/internal-elb": "1",
              "subnet/type": "private"
            },
            "vpc_id": "vpc-0d337796c99964ecc"
          },
          "sensitive_attributes": [],
          "private": "bnVsbA==",
          "dependencies": [
            "module.dynamic_subnets.aws_subnet.private",
            "module.dynamic_subnets.data.aws_availability_zones.available",
            "module.dynamic_subnets.data.aws_vpc.default",
            "module.vpc.aws_vpc.default"
          ]
        }
      ]
    },
    {
      "module": "module.dynamic_subnets",
      "mode": "managed",
      "type": "aws_network_acl",
      "name": "public",
      "provider": "provider[\"registry.terraform.io/hashicorp/aws\"]",
      "instances": [
        {
          "index_key": 0,
          "schema_version": 0,
          "attributes": {
            "arn": "arn:aws:ec2:ap-south-1:752249616998:network-acl/acl-0f60148452513edc0",
            "egress": [
              {
                "action": "allow",
                "cidr_block": "0.0.0.0/0",
                "from_port": 0,
                "icmp_code": null,
                "icmp_type": null,
                "ipv6_cidr_block": "",
                "protocol": "-1",
                "rule_no": 100,
                "to_port": 0
              }
            ],
            "id": "acl-0f60148452513edc0",
            "ingress": [
              {
                "action": "allow",
                "cidr_block": "0.0.0.0/0",
                "from_port": 0,
                "icmp_code": null,
                "icmp_type": null,
                "ipv6_cidr_block": "",
                "protocol": "-1",
                "rule_no": 100,
                "to_port": 0
              }
            ],
            "owner_id": "752249616998",
            "subnet_ids": [
              "subnet-01e359c09554e4763",
              "subnet-09d98a1dc8816b846",
              "subnet-09fc028aa18246368"
            ],
            "tags": {
              "Attributes": "public",
              "Environment": "prod",
              "Name": "new-vpc-public",
              "Resource_type": "dynamic_subnets",
              "Terraform": "true",
              "kubernetes.io/role/elb": "1",
              "subnet/type": "public"
            },
            "tags_all": {
              "Attributes": "public",
              "Environment": "prod",
              "Name": "new-vpc-public",
              "Resource_type": "dynamic_subnets",
              "Terraform": "true",
              "kubernetes.io/role/elb": "1",
              "subnet/type": "public"
            },
            "vpc_id": "vpc-0d337796c99964ecc"
          },
          "sensitive_attributes": [],
          "private": "bnVsbA==",
          "dependencies": [
            "module.dynamic_subnets.aws_subnet.public",
            "module.dynamic_subnets.data.aws_availability_zones.available",
            "module.dynamic_subnets.data.aws_vpc.default",
            "module.vpc.aws_vpc.default"
          ]
        }
      ]
    },
    {
      "module": "module.dynamic_subnets",
      "mode": "managed",
      "type": "aws_route",
      "name": "default",
      "provider": "provider[\"registry.terraform.io/hashicorp/aws\"]",
      "instances": [
        {
          "index_key": 0,
          "schema_version": 0,
          "attributes": {
            "carrier_gateway_id": "",
            "core_network_arn": "",
            "destination_cidr_block": "0.0.0.0/0",
            "destination_ipv6_cidr_block": "",
            "destination_prefix_list_id": "",
            "egress_only_gateway_id": "",
            "gateway_id": "",
            "id": "r-rtb-04fba90db1658cf8d1080289494",
            "instance_id": "",
            "instance_owner_id": "",
            "local_gateway_id": "",
            "nat_gateway_id": "nat-0c27943dd8b5ae441",
            "network_interface_id": "",
            "origin": "CreateRoute",
            "route_table_id": "rtb-04fba90db1658cf8d",
            "state": "active",
            "timeouts": {
              "create": "2m",
              "delete": "5m",
              "update": null
            },
            "transit_gateway_id": "",
            "vpc_endpoint_id": "",
            "vpc_peering_connection_id": ""
          },
          "sensitive_attributes": [],
          "private": "eyJlMmJmYjczMC1lY2FhLTExZTYtOGY4OC0zNDM2M2JjN2M0YzAiOnsiY3JlYXRlIjoxMjAwMDAwMDAwMDAsImRlbGV0ZSI6MzAwMDAwMDAwMDAwLCJ1cGRhdGUiOjEyMDAwMDAwMDAwMH19",
          "dependencies": [
            "module.dynamic_subnets.aws_eip.default",
            "module.dynamic_subnets.aws_nat_gateway.default",
            "module.dynamic_subnets.aws_route_table.private",
            "module.dynamic_subnets.aws_subnet.public",
            "module.dynamic_subnets.data.aws_availability_zones.available",
            "module.dynamic_subnets.data.aws_eip.nat_ips",
            "module.dynamic_subnets.data.aws_vpc.default",
            "module.vpc.aws_vpc.default"
          ]
        },
        {
          "index_key": 1,
          "schema_version": 0,
          "attributes": {
            "carrier_gateway_id": "",
            "core_network_arn": "",
            "destination_cidr_block": "0.0.0.0/0",
            "destination_ipv6_cidr_block": "",
            "destination_prefix_list_id": "",
            "egress_only_gateway_id": "",
            "gateway_id": "",
            "id": "r-rtb-0ee2c274d74315b681080289494",
            "instance_id": "",
            "instance_owner_id": "",
            "local_gateway_id": "",
            "nat_gateway_id": "nat-09264a79180633ba1",
            "network_interface_id": "",
            "origin": "CreateRoute",
            "route_table_id": "rtb-0ee2c274d74315b68",
            "state": "active",
            "timeouts": {
              "create": "2m",
              "delete": "5m",
              "update": null
            },
            "transit_gateway_id": "",
            "vpc_endpoint_id": "",
            "vpc_peering_connection_id": ""
          },
          "sensitive_attributes": [],
          "private": "eyJlMmJmYjczMC1lY2FhLTExZTYtOGY4OC0zNDM2M2JjN2M0YzAiOnsiY3JlYXRlIjoxMjAwMDAwMDAwMDAsImRlbGV0ZSI6MzAwMDAwMDAwMDAwLCJ1cGRhdGUiOjEyMDAwMDAwMDAwMH19",
          "dependencies": [
            "module.dynamic_subnets.aws_eip.default",
            "module.dynamic_subnets.aws_nat_gateway.default",
            "module.dynamic_subnets.aws_route_table.private",
            "module.dynamic_subnets.aws_subnet.public",
            "module.dynamic_subnets.data.aws_availability_zones.available",
            "module.dynamic_subnets.data.aws_eip.nat_ips",
            "module.dynamic_subnets.data.aws_vpc.default",
            "module.vpc.aws_vpc.default"
          ]
        },
        {
          "index_key": 2,
          "schema_version": 0,
          "attributes": {
            "carrier_gateway_id": "",
            "core_network_arn": "",
            "destination_cidr_block": "0.0.0.0/0",
            "destination_ipv6_cidr_block": "",
            "destination_prefix_list_id": "",
            "egress_only_gateway_id": "",
            "gateway_id": "",
            "id": "r-rtb-01357d81936c48eeb1080289494",
            "instance_id": "",
            "instance_owner_id": "",
            "local_gateway_id": "",
            "nat_gateway_id": "nat-02e43352733430f20",
            "network_interface_id": "",
            "origin": "CreateRoute",
            "route_table_id": "rtb-01357d81936c48eeb",
            "state": "active",
            "timeouts": {
              "create": "2m",
              "delete": "5m",
              "update": null
            },
            "transit_gateway_id": "",
            "vpc_endpoint_id": "",
            "vpc_peering_connection_id": ""
          },
          "sensitive_attributes": [],
          "private": "eyJlMmJmYjczMC1lY2FhLTExZTYtOGY4OC0zNDM2M2JjN2M0YzAiOnsiY3JlYXRlIjoxMjAwMDAwMDAwMDAsImRlbGV0ZSI6MzAwMDAwMDAwMDAwLCJ1cGRhdGUiOjEyMDAwMDAwMDAwMH19",
          "dependencies": [
            "module.dynamic_subnets.aws_eip.default",
            "module.dynamic_subnets.aws_nat_gateway.default",
            "module.dynamic_subnets.aws_route_table.private",
            "module.dynamic_subnets.aws_subnet.public",
            "module.dynamic_subnets.data.aws_availability_zones.available",
            "module.dynamic_subnets.data.aws_eip.nat_ips",
            "module.dynamic_subnets.data.aws_vpc.default",
            "module.vpc.aws_vpc.default"
          ]
        }
      ]
    },
    {
      "module": "module.dynamic_subnets",
      "mode": "managed",
      "type": "aws_route",
      "name": "public",
      "provider": "provider[\"registry.terraform.io/hashicorp/aws\"]",
      "instances": [
        {
          "index_key": 0,
          "schema_version": 0,
          "attributes": {
            "carrier_gateway_id": "",
            "core_network_arn": "",
            "destination_cidr_block": "0.0.0.0/0",
            "destination_ipv6_cidr_block": "",
            "destination_prefix_list_id": "",
            "egress_only_gateway_id": "",
            "gateway_id": "igw-0a26d001318fd95c2",
            "id": "r-rtb-02001a5152dab61611080289494",
            "instance_id": "",
            "instance_owner_id": "",
            "local_gateway_id": "",
            "nat_gateway_id": "",
            "network_interface_id": "",
            "origin": "CreateRoute",
            "route_table_id": "rtb-02001a5152dab6161",
            "state": "active",
            "timeouts": {
              "create": "2m",
              "delete": "5m",
              "update": null
            },
            "transit_gateway_id": "",
            "vpc_endpoint_id": "",
            "vpc_peering_connection_id": ""
          },
          "sensitive_attributes": [],
          "private": "eyJlMmJmYjczMC1lY2FhLTExZTYtOGY4OC0zNDM2M2JjN2M0YzAiOnsiY3JlYXRlIjoxMjAwMDAwMDAwMDAsImRlbGV0ZSI6MzAwMDAwMDAwMDAwLCJ1cGRhdGUiOjEyMDAwMDAwMDAwMH19",
          "dependencies": [
            "module.dynamic_subnets.aws_route_table.public",
            "module.dynamic_subnets.data.aws_vpc.default",
            "module.vpc.aws_internet_gateway.default",
            "module.vpc.aws_vpc.default"
          ]
        }
      ]
    },
    {
      "module": "module.dynamic_subnets",
      "mode": "managed",
      "type": "aws_route_table",
      "name": "private",
      "provider": "provider[\"registry.terraform.io/hashicorp/aws\"]",
      "instances": [
        {
          "index_key": 0,
          "schema_version": 0,
          "attributes": {
            "arn": "arn:aws:ec2:ap-south-1:752249616998:route-table/rtb-04fba90db1658cf8d",
            "id": "rtb-04fba90db1658cf8d",
            "owner_id": "752249616998",
            "propagating_vgws": [],
            "route": [],
            "tags": {
              "Attributes": "private",
              "Environment": "prod",
              "Name": "new-vpc-private-aps1a",
              "Resource_type": "dynamic_subnets",
              "Terraform": "true",
              "kubernetes.io/role/internal-elb": "1",
              "subnet/type": "private"
            },
            "tags_all": {
              "Attributes": "private",
              "Environment": "prod",
              "Name": "new-vpc-private-aps1a",
              "Resource_type": "dynamic_subnets",
              "Terraform": "true",
              "kubernetes.io/role/internal-elb": "1",
              "subnet/type": "private"
            },
            "timeouts": null,
            "vpc_id": "vpc-0d337796c99964ecc"
          },
          "sensitive_attributes": [],
          "private": "eyJlMmJmYjczMC1lY2FhLTExZTYtOGY4OC0zNDM2M2JjN2M0YzAiOnsiY3JlYXRlIjozMDAwMDAwMDAwMDAsImRlbGV0ZSI6MzAwMDAwMDAwMDAwLCJ1cGRhdGUiOjEyMDAwMDAwMDAwMH19",
          "dependencies": [
            "module.dynamic_subnets.data.aws_vpc.default",
            "module.vpc.aws_vpc.default"
          ]
        },
        {
          "index_key": 1,
          "schema_version": 0,
          "attributes": {
            "arn": "arn:aws:ec2:ap-south-1:752249616998:route-table/rtb-0ee2c274d74315b68",
            "id": "rtb-0ee2c274d74315b68",
            "owner_id": "752249616998",
            "propagating_vgws": [],
            "route": [],
            "tags": {
              "Attributes": "private",
              "Environment": "prod",
              "Name": "new-vpc-private-aps1b",
              "Resource_type": "dynamic_subnets",
              "Terraform": "true",
              "kubernetes.io/role/internal-elb": "1",
              "subnet/type": "private"
            },
            "tags_all": {
              "Attributes": "private",
              "Environment": "prod",
              "Name": "new-vpc-private-aps1b",
              "Resource_type": "dynamic_subnets",
              "Terraform": "true",
              "kubernetes.io/role/internal-elb": "1",
              "subnet/type": "private"
            },
            "timeouts": null,
            "vpc_id": "vpc-0d337796c99964ecc"
          },
          "sensitive_attributes": [],
          "private": "eyJlMmJmYjczMC1lY2FhLTExZTYtOGY4OC0zNDM2M2JjN2M0YzAiOnsiY3JlYXRlIjozMDAwMDAwMDAwMDAsImRlbGV0ZSI6MzAwMDAwMDAwMDAwLCJ1cGRhdGUiOjEyMDAwMDAwMDAwMH19",
          "dependencies": [
            "module.dynamic_subnets.data.aws_vpc.default",
            "module.vpc.aws_vpc.default"
          ]
        },
        {
          "index_key": 2,
          "schema_version": 0,
          "attributes": {
            "arn": "arn:aws:ec2:ap-south-1:752249616998:route-table/rtb-01357d81936c48eeb",
            "id": "rtb-01357d81936c48eeb",
            "owner_id": "752249616998",
            "propagating_vgws": [],
            "route": [],
            "tags": {
              "Attributes": "private",
              "Environment": "prod",
              "Name": "new-vpc-private-aps1c",
              "Resource_type": "dynamic_subnets",
              "Terraform": "true",
              "kubernetes.io/role/internal-elb": "1",
              "subnet/type": "private"
            },
            "tags_all": {
              "Attributes": "private",
              "Environment": "prod",
              "Name": "new-vpc-private-aps1c",
              "Resource_type": "dynamic_subnets",
              "Terraform": "true",
              "kubernetes.io/role/internal-elb": "1",
              "subnet/type": "private"
            },
            "timeouts": null,
            "vpc_id": "vpc-0d337796c99964ecc"
          },
          "sensitive_attributes": [],
          "private": "eyJlMmJmYjczMC1lY2FhLTExZTYtOGY4OC0zNDM2M2JjN2M0YzAiOnsiY3JlYXRlIjozMDAwMDAwMDAwMDAsImRlbGV0ZSI6MzAwMDAwMDAwMDAwLCJ1cGRhdGUiOjEyMDAwMDAwMDAwMH19",
          "dependencies": [
            "module.dynamic_subnets.data.aws_vpc.default",
            "module.vpc.aws_vpc.default"
          ]
        }
      ]
    },
    {
      "module": "module.dynamic_subnets",
      "mode": "managed",
      "type": "aws_route_table",
      "name": "public",
      "provider": "provider[\"registry.terraform.io/hashicorp/aws\"]",
      "instances": [
        {
          "index_key": 0,
          "schema_version": 0,
          "attributes": {
            "arn": "arn:aws:ec2:ap-south-1:752249616998:route-table/rtb-02001a5152dab6161",
            "id": "rtb-02001a5152dab6161",
            "owner_id": "752249616998",
            "propagating_vgws": [],
            "route": [],
            "tags": {
              "Attributes": "public",
              "Environment": "prod",
              "Name": "new-vpc-public",
              "Resource_type": "dynamic_subnets",
              "Terraform": "true",
              "kubernetes.io/role/elb": "1",
              "subnet/type": "public"
            },
            "tags_all": {
              "Attributes": "public",
              "Environment": "prod",
              "Name": "new-vpc-public",
              "Resource_type": "dynamic_subnets",
              "Terraform": "true",
              "kubernetes.io/role/elb": "1",
              "subnet/type": "public"
            },
            "timeouts": null,
            "vpc_id": "vpc-0d337796c99964ecc"
          },
          "sensitive_attributes": [],
          "private": "eyJlMmJmYjczMC1lY2FhLTExZTYtOGY4OC0zNDM2M2JjN2M0YzAiOnsiY3JlYXRlIjozMDAwMDAwMDAwMDAsImRlbGV0ZSI6MzAwMDAwMDAwMDAwLCJ1cGRhdGUiOjEyMDAwMDAwMDAwMH19",
          "dependencies": [
            "module.dynamic_subnets.data.aws_vpc.default",
            "module.vpc.aws_vpc.default"
          ]
        }
      ]
    },
    {
      "module": "module.dynamic_subnets",
      "mode": "managed",
      "type": "aws_route_table_association",
      "name": "private",
      "provider": "provider[\"registry.terraform.io/hashicorp/aws\"]",
      "instances": [
        {
          "index_key": 0,
          "schema_version": 0,
          "attributes": {
            "gateway_id": "",
            "id": "rtbassoc-0e977cc47d6ca05d7",
            "route_table_id": "rtb-04fba90db1658cf8d",
            "subnet_id": "subnet-0742290def47d6fde",
            "timeouts": null
          },
          "sensitive_attributes": [],
          "private": "eyJlMmJmYjczMC1lY2FhLTExZTYtOGY4OC0zNDM2M2JjN2M0YzAiOnsiY3JlYXRlIjozMDAwMDAwMDAwMDAsImRlbGV0ZSI6MzAwMDAwMDAwMDAwLCJ1cGRhdGUiOjEyMDAwMDAwMDAwMH19",
          "dependencies": [
            "module.dynamic_subnets.aws_route_table.private",
            "module.dynamic_subnets.aws_subnet.private",
            "module.dynamic_subnets.data.aws_availability_zones.available",
            "module.dynamic_subnets.data.aws_vpc.default",
            "module.vpc.aws_vpc.default"
          ]
        },
        {
          "index_key": 1,
          "schema_version": 0,
          "attributes": {
            "gateway_id": "",
            "id": "rtbassoc-0be7a09776395b044",
            "route_table_id": "rtb-0ee2c274d74315b68",
            "subnet_id": "subnet-048978e6a88cfb394",
            "timeouts": null
          },
          "sensitive_attributes": [],
          "private": "eyJlMmJmYjczMC1lY2FhLTExZTYtOGY4OC0zNDM2M2JjN2M0YzAiOnsiY3JlYXRlIjozMDAwMDAwMDAwMDAsImRlbGV0ZSI6MzAwMDAwMDAwMDAwLCJ1cGRhdGUiOjEyMDAwMDAwMDAwMH19",
          "dependencies": [
            "module.dynamic_subnets.aws_route_table.private",
            "module.dynamic_subnets.aws_subnet.private",
            "module.dynamic_subnets.data.aws_availability_zones.available",
            "module.dynamic_subnets.data.aws_vpc.default",
            "module.vpc.aws_vpc.default"
          ]
        },
        {
          "index_key": 2,
          "schema_version": 0,
          "attributes": {
            "gateway_id": "",
            "id": "rtbassoc-0e79fdfaefc868ba4",
            "route_table_id": "rtb-01357d81936c48eeb",
            "subnet_id": "subnet-0d2defec161069197",
            "timeouts": null
          },
          "sensitive_attributes": [],
          "private": "eyJlMmJmYjczMC1lY2FhLTExZTYtOGY4OC0zNDM2M2JjN2M0YzAiOnsiY3JlYXRlIjozMDAwMDAwMDAwMDAsImRlbGV0ZSI6MzAwMDAwMDAwMDAwLCJ1cGRhdGUiOjEyMDAwMDAwMDAwMH19",
          "dependencies": [
            "module.dynamic_subnets.aws_route_table.private",
            "module.dynamic_subnets.aws_subnet.private",
            "module.dynamic_subnets.data.aws_availability_zones.available",
            "module.dynamic_subnets.data.aws_vpc.default",
            "module.vpc.aws_vpc.default"
          ]
        }
      ]
    },
    {
      "module": "module.dynamic_subnets",
      "mode": "managed",
      "type": "aws_route_table_association",
      "name": "public",
      "provider": "provider[\"registry.terraform.io/hashicorp/aws\"]",
      "instances": [
        {
          "index_key": 0,
          "schema_version": 0,
          "attributes": {
            "gateway_id": "",
            "id": "rtbassoc-00148ebead51d0e51",
            "route_table_id": "rtb-02001a5152dab6161",
            "subnet_id": "subnet-01e359c09554e4763",
            "timeouts": null
          },
          "sensitive_attributes": [],
          "private": "eyJlMmJmYjczMC1lY2FhLTExZTYtOGY4OC0zNDM2M2JjN2M0YzAiOnsiY3JlYXRlIjozMDAwMDAwMDAwMDAsImRlbGV0ZSI6MzAwMDAwMDAwMDAwLCJ1cGRhdGUiOjEyMDAwMDAwMDAwMH19",
          "dependencies": [
            "module.dynamic_subnets.aws_route_table.public",
            "module.dynamic_subnets.aws_subnet.public",
            "module.dynamic_subnets.data.aws_availability_zones.available",
            "module.dynamic_subnets.data.aws_vpc.default",
            "module.vpc.aws_vpc.default"
          ]
        },
        {
          "index_key": 1,
          "schema_version": 0,
          "attributes": {
            "gateway_id": "",
            "id": "rtbassoc-072a377621ada7be4",
            "route_table_id": "rtb-02001a5152dab6161",
            "subnet_id": "subnet-09fc028aa18246368",
            "timeouts": null
          },
          "sensitive_attributes": [],
          "private": "eyJlMmJmYjczMC1lY2FhLTExZTYtOGY4OC0zNDM2M2JjN2M0YzAiOnsiY3JlYXRlIjozMDAwMDAwMDAwMDAsImRlbGV0ZSI6MzAwMDAwMDAwMDAwLCJ1cGRhdGUiOjEyMDAwMDAwMDAwMH19",
          "dependencies": [
            "module.dynamic_subnets.aws_route_table.public",
            "module.dynamic_subnets.aws_subnet.public",
            "module.dynamic_subnets.data.aws_availability_zones.available",
            "module.dynamic_subnets.data.aws_vpc.default",
            "module.vpc.aws_vpc.default"
          ]
        },
        {
          "index_key": 2,
          "schema_version": 0,
          "attributes": {
            "gateway_id": "",
            "id": "rtbassoc-0b479dedd5b4ec9e5",
            "route_table_id": "rtb-02001a5152dab6161",
            "subnet_id": "subnet-09d98a1dc8816b846",
            "timeouts": null
          },
          "sensitive_attributes": [],
          "private": "eyJlMmJmYjczMC1lY2FhLTExZTYtOGY4OC0zNDM2M2JjN2M0YzAiOnsiY3JlYXRlIjozMDAwMDAwMDAwMDAsImRlbGV0ZSI6MzAwMDAwMDAwMDAwLCJ1cGRhdGUiOjEyMDAwMDAwMDAwMH19",
          "dependencies": [
            "module.dynamic_subnets.aws_route_table.public",
            "module.dynamic_subnets.aws_subnet.public",
            "module.dynamic_subnets.data.aws_availability_zones.available",
            "module.dynamic_subnets.data.aws_vpc.default",
            "module.vpc.aws_vpc.default"
          ]
        }
      ]
    },
    {
      "module": "module.dynamic_subnets",
      "mode": "managed",
      "type": "aws_subnet",
      "name": "private",
      "provider": "provider[\"registry.terraform.io/hashicorp/aws\"]",
      "instances": [
        {
          "index_key": 0,
          "schema_version": 1,
          "attributes": {
            "arn": "arn:aws:ec2:ap-south-1:752249616998:subnet/subnet-0742290def47d6fde",
            "assign_ipv6_address_on_creation": false,
            "availability_zone": "ap-south-1a",
            "availability_zone_id": "aps1-az1",
            "cidr_block": "172.32.0.0/19",
            "customer_owned_ipv4_pool": "",
            "enable_dns64": false,
            "enable_lni_at_device_index": 0,
            "enable_resource_name_dns_a_record_on_launch": false,
            "enable_resource_name_dns_aaaa_record_on_launch": false,
            "id": "subnet-0742290def47d6fde",
            "ipv6_cidr_block": "",
            "ipv6_cidr_block_association_id": "",
            "ipv6_native": false,
            "map_customer_owned_ip_on_launch": false,
            "map_public_ip_on_launch": false,
            "outpost_arn": "",
            "owner_id": "752249616998",
            "private_dns_hostname_type_on_launch": "ip-name",
            "tags": {
              "Attributes": "private",
              "Environment": "prod",
              "Name": "new-vpc-private-aps1a",
              "Resource_type": "dynamic_subnets",
              "Terraform": "true",
              "kubernetes.io/role/internal-elb": "1",
              "subnet/type": "private"
            },
            "tags_all": {
              "Attributes": "private",
              "Environment": "prod",
              "Name": "new-vpc-private-aps1a",
              "Resource_type": "dynamic_subnets",
              "Terraform": "true",
              "kubernetes.io/role/internal-elb": "1",
              "subnet/type": "private"
            },
            "timeouts": null,
            "vpc_id": "vpc-0d337796c99964ecc"
          },
          "sensitive_attributes": [],
          "private": "eyJlMmJmYjczMC1lY2FhLTExZTYtOGY4OC0zNDM2M2JjN2M0YzAiOnsiY3JlYXRlIjo2MDAwMDAwMDAwMDAsImRlbGV0ZSI6MTIwMDAwMDAwMDAwMH0sInNjaGVtYV92ZXJzaW9uIjoiMSJ9",
          "dependencies": [
            "module.dynamic_subnets.data.aws_availability_zones.available",
            "module.dynamic_subnets.data.aws_vpc.default",
            "module.vpc.aws_vpc.default"
          ]
        },
        {
          "index_key": 1,
          "schema_version": 1,
          "attributes": {
            "arn": "arn:aws:ec2:ap-south-1:752249616998:subnet/subnet-048978e6a88cfb394",
            "assign_ipv6_address_on_creation": false,
            "availability_zone": "ap-south-1b",
            "availability_zone_id": "aps1-az3",
            "cidr_block": "172.32.32.0/19",
            "customer_owned_ipv4_pool": "",
            "enable_dns64": false,
            "enable_lni_at_device_index": 0,
            "enable_resource_name_dns_a_record_on_launch": false,
            "enable_resource_name_dns_aaaa_record_on_launch": false,
            "id": "subnet-048978e6a88cfb394",
            "ipv6_cidr_block": "",
            "ipv6_cidr_block_association_id": "",
            "ipv6_native": false,
            "map_customer_owned_ip_on_launch": false,
            "map_public_ip_on_launch": false,
            "outpost_arn": "",
            "owner_id": "752249616998",
            "private_dns_hostname_type_on_launch": "ip-name",
            "tags": {
              "Attributes": "private",
              "Environment": "prod",
              "Name": "new-vpc-private-aps1b",
              "Resource_type": "dynamic_subnets",
              "Terraform": "true",
              "kubernetes.io/role/internal-elb": "1",
              "subnet/type": "private"
            },
            "tags_all": {
              "Attributes": "private",
              "Environment": "prod",
              "Name": "new-vpc-private-aps1b",
              "Resource_type": "dynamic_subnets",
              "Terraform": "true",
              "kubernetes.io/role/internal-elb": "1",
              "subnet/type": "private"
            },
            "timeouts": null,
            "vpc_id": "vpc-0d337796c99964ecc"
          },
          "sensitive_attributes": [],
          "private": "eyJlMmJmYjczMC1lY2FhLTExZTYtOGY4OC0zNDM2M2JjN2M0YzAiOnsiY3JlYXRlIjo2MDAwMDAwMDAwMDAsImRlbGV0ZSI6MTIwMDAwMDAwMDAwMH0sInNjaGVtYV92ZXJzaW9uIjoiMSJ9",
          "dependencies": [
            "module.dynamic_subnets.data.aws_availability_zones.available",
            "module.dynamic_subnets.data.aws_vpc.default",
            "module.vpc.aws_vpc.default"
          ]
        },
        {
          "index_key": 2,
          "schema_version": 1,
          "attributes": {
            "arn": "arn:aws:ec2:ap-south-1:752249616998:subnet/subnet-0d2defec161069197",
            "assign_ipv6_address_on_creation": false,
            "availability_zone": "ap-south-1c",
            "availability_zone_id": "aps1-az2",
            "cidr_block": "172.32.64.0/19",
            "customer_owned_ipv4_pool": "",
            "enable_dns64": false,
            "enable_lni_at_device_index": 0,
            "enable_resource_name_dns_a_record_on_launch": false,
            "enable_resource_name_dns_aaaa_record_on_launch": false,
            "id": "subnet-0d2defec161069197",
            "ipv6_cidr_block": "",
            "ipv6_cidr_block_association_id": "",
            "ipv6_native": false,
            "map_customer_owned_ip_on_launch": false,
            "map_public_ip_on_launch": false,
            "outpost_arn": "",
            "owner_id": "752249616998",
            "private_dns_hostname_type_on_launch": "ip-name",
            "tags": {
              "Attributes": "private",
              "Environment": "prod",
              "Name": "new-vpc-private-aps1c",
              "Resource_type": "dynamic_subnets",
              "Terraform": "true",
              "kubernetes.io/role/internal-elb": "1",
              "subnet/type": "private"
            },
            "tags_all": {
              "Attributes": "private",
              "Environment": "prod",
              "Name": "new-vpc-private-aps1c",
              "Resource_type": "dynamic_subnets",
              "Terraform": "true",
              "kubernetes.io/role/internal-elb": "1",
              "subnet/type": "private"
            },
            "timeouts": null,
            "vpc_id": "vpc-0d337796c99964ecc"
          },
          "sensitive_attributes": [],
          "private": "eyJlMmJmYjczMC1lY2FhLTExZTYtOGY4OC0zNDM2M2JjN2M0YzAiOnsiY3JlYXRlIjo2MDAwMDAwMDAwMDAsImRlbGV0ZSI6MTIwMDAwMDAwMDAwMH0sInNjaGVtYV92ZXJzaW9uIjoiMSJ9",
          "dependencies": [
            "module.dynamic_subnets.data.aws_availability_zones.available",
            "module.dynamic_subnets.data.aws_vpc.default",
            "module.vpc.aws_vpc.default"
          ]
        }
      ]
    },
    {
      "module": "module.dynamic_subnets",
      "mode": "managed",
      "type": "aws_subnet",
      "name": "public",
      "provider": "provider[\"registry.terraform.io/hashicorp/aws\"]",
      "instances": [
        {
          "index_key": 0,
          "schema_version": 1,
          "attributes": {
            "arn": "arn:aws:ec2:ap-south-1:752249616998:subnet/subnet-01e359c09554e4763",
            "assign_ipv6_address_on_creation": false,
            "availability_zone": "ap-south-1a",
            "availability_zone_id": "aps1-az1",
            "cidr_block": "172.32.96.0/19",
            "customer_owned_ipv4_pool": "",
            "enable_dns64": false,
            "enable_lni_at_device_index": 0,
            "enable_resource_name_dns_a_record_on_launch": false,
            "enable_resource_name_dns_aaaa_record_on_launch": false,
            "id": "subnet-01e359c09554e4763",
            "ipv6_cidr_block": "",
            "ipv6_cidr_block_association_id": "",
            "ipv6_native": false,
            "map_customer_owned_ip_on_launch": false,
            "map_public_ip_on_launch": true,
            "outpost_arn": "",
            "owner_id": "752249616998",
            "private_dns_hostname_type_on_launch": "ip-name",
            "tags": {
              "Attributes": "public",
              "Environment": "prod",
              "Name": "new-vpc-public-aps1a",
              "Resource_type": "dynamic_subnets",
              "Terraform": "true",
              "kubernetes.io/role/elb": "1",
              "subnet/type": "public"
            },
            "tags_all": {
              "Attributes": "public",
              "Environment": "prod",
              "Name": "new-vpc-public-aps1a",
              "Resource_type": "dynamic_subnets",
              "Terraform": "true",
              "kubernetes.io/role/elb": "1",
              "subnet/type": "public"
            },
            "timeouts": null,
            "vpc_id": "vpc-0d337796c99964ecc"
          },
          "sensitive_attributes": [],
          "private": "eyJlMmJmYjczMC1lY2FhLTExZTYtOGY4OC0zNDM2M2JjN2M0YzAiOnsiY3JlYXRlIjo2MDAwMDAwMDAwMDAsImRlbGV0ZSI6MTIwMDAwMDAwMDAwMH0sInNjaGVtYV92ZXJzaW9uIjoiMSJ9",
          "dependencies": [
            "module.dynamic_subnets.data.aws_availability_zones.available",
            "module.dynamic_subnets.data.aws_vpc.default",
            "module.vpc.aws_vpc.default"
          ],
          "create_before_destroy": true
        },
        {
          "index_key": 1,
          "schema_version": 1,
          "attributes": {
            "arn": "arn:aws:ec2:ap-south-1:752249616998:subnet/subnet-09fc028aa18246368",
            "assign_ipv6_address_on_creation": false,
            "availability_zone": "ap-south-1b",
            "availability_zone_id": "aps1-az3",
            "cidr_block": "172.32.128.0/19",
            "customer_owned_ipv4_pool": "",
            "enable_dns64": false,
            "enable_lni_at_device_index": 0,
            "enable_resource_name_dns_a_record_on_launch": false,
            "enable_resource_name_dns_aaaa_record_on_launch": false,
            "id": "subnet-09fc028aa18246368",
            "ipv6_cidr_block": "",
            "ipv6_cidr_block_association_id": "",
            "ipv6_native": false,
            "map_customer_owned_ip_on_launch": false,
            "map_public_ip_on_launch": true,
            "outpost_arn": "",
            "owner_id": "752249616998",
            "private_dns_hostname_type_on_launch": "ip-name",
            "tags": {
              "Attributes": "public",
              "Environment": "prod",
              "Name": "new-vpc-public-aps1b",
              "Resource_type": "dynamic_subnets",
              "Terraform": "true",
              "kubernetes.io/role/elb": "1",
              "subnet/type": "public"
            },
            "tags_all": {
              "Attributes": "public",
              "Environment": "prod",
              "Name": "new-vpc-public-aps1b",
              "Resource_type": "dynamic_subnets",
              "Terraform": "true",
              "kubernetes.io/role/elb": "1",
              "subnet/type": "public"
            },
            "timeouts": null,
            "vpc_id": "vpc-0d337796c99964ecc"
          },
          "sensitive_attributes": [],
          "private": "eyJlMmJmYjczMC1lY2FhLTExZTYtOGY4OC0zNDM2M2JjN2M0YzAiOnsiY3JlYXRlIjo2MDAwMDAwMDAwMDAsImRlbGV0ZSI6MTIwMDAwMDAwMDAwMH0sInNjaGVtYV92ZXJzaW9uIjoiMSJ9",
          "dependencies": [
            "module.dynamic_subnets.data.aws_availability_zones.available",
            "module.dynamic_subnets.data.aws_vpc.default",
            "module.vpc.aws_vpc.default"
          ],
          "create_before_destroy": true
        },
        {
          "index_key": 2,
          "schema_version": 1,
          "attributes": {
            "arn": "arn:aws:ec2:ap-south-1:752249616998:subnet/subnet-09d98a1dc8816b846",
            "assign_ipv6_address_on_creation": false,
            "availability_zone": "ap-south-1c",
            "availability_zone_id": "aps1-az2",
            "cidr_block": "172.32.160.0/19",
            "customer_owned_ipv4_pool": "",
            "enable_dns64": false,
            "enable_lni_at_device_index": 0,
            "enable_resource_name_dns_a_record_on_launch": false,
            "enable_resource_name_dns_aaaa_record_on_launch": false,
            "id": "subnet-09d98a1dc8816b846",
            "ipv6_cidr_block": "",
            "ipv6_cidr_block_association_id": "",
            "ipv6_native": false,
            "map_customer_owned_ip_on_launch": false,
            "map_public_ip_on_launch": true,
            "outpost_arn": "",
            "owner_id": "752249616998",
            "private_dns_hostname_type_on_launch": "ip-name",
            "tags": {
              "Attributes": "public",
              "Environment": "prod",
              "Name": "new-vpc-public-aps1c",
              "Resource_type": "dynamic_subnets",
              "Terraform": "true",
              "kubernetes.io/role/elb": "1",
              "subnet/type": "public"
            },
            "tags_all": {
              "Attributes": "public",
              "Environment": "prod",
              "Name": "new-vpc-public-aps1c",
              "Resource_type": "dynamic_subnets",
              "Terraform": "true",
              "kubernetes.io/role/elb": "1",
              "subnet/type": "public"
            },
            "timeouts": null,
            "vpc_id": "vpc-0d337796c99964ecc"
          },
          "sensitive_attributes": [],
          "private": "eyJlMmJmYjczMC1lY2FhLTExZTYtOGY4OC0zNDM2M2JjN2M0YzAiOnsiY3JlYXRlIjo2MDAwMDAwMDAwMDAsImRlbGV0ZSI6MTIwMDAwMDAwMDAwMH0sInNjaGVtYV92ZXJzaW9uIjoiMSJ9",
          "dependencies": [
            "module.dynamic_subnets.data.aws_availability_zones.available",
            "module.dynamic_subnets.data.aws_vpc.default",
            "module.vpc.aws_vpc.default"
          ],
          "create_before_destroy": true
        }
      ]
    },
    {
      "module": "module.eks_cluster",
      "mode": "data",
      "type": "aws_eks_cluster",
      "name": "eks",
      "provider": "provider[\"registry.terraform.io/hashicorp/aws\"]",
      "instances": [
        {
          "index_key": 0,
          "schema_version": 0,
          "attributes": {
            "arn": "arn:aws:eks:ap-south-1:752249616998:cluster/my-new-cluster-cluster",
            "certificate_authority": [
              {
                "data": "LS0tLS1CRUdJTiBDRVJUSUZJQ0FURS0tLS0tCk1JSURCVENDQWUyZ0F3SUJBZ0lJRDY5TVRZQlhMNkl3RFFZSktvWklodmNOQVFFTEJRQXdGVEVUTUJFR0ExVUUKQXhNS2EzVmlaWEp1WlhSbGN6QWVGdzB5TlRBME1qa3dOVE0wTlRsYUZ3MHpOVEEwTWpjd05UTTVOVGxhTUJVeApFekFSQmdOVkJBTVRDbXQxWW1WeWJtVjBaWE13Z2dFaU1BMEdDU3FHU0liM0RRRUJBUVVBQTRJQkR3QXdnZ0VLCkFvSUJBUUN2Qm5ERlNrT1JITlNOTlhPekJGMXVPRm42VHFXdVdzaU41UlRIaWorMUk4WTJOVjZnUVV5cFlwN0QKY1B3NTNZV1VnT0lKbm9MN2NzdU0yTzFGVDEvbG8zR0lwNFRSaStIa2JZTUs1MXFpMlR5NEt6THAxVXBZS1c1awo3SE9lT0srV1d6Qzl2WFZ3enhrWWswd2dJUStqdmZoeEVFM3Z1Q3ZOUHlaVFQwd1kwRGliZGhvK2JUVkxjLzBMCjdlNitIZEp3Y0VmQjBZbmhhdStsdDg4alEzaHZ5alB5d2xyMmN0dWtGeFVTYzJYcWxBM2FDNUtqc1dyaVN3dHEKd29Da0FxVnhYRUFUSkErdFR2b1BiU0ROOWFMbVBOQ2t6d0IvS2RzMVdkMU4wTHpGUnJpNWxNaUJnV0tISFluVwp4cXJob3FVMkd1WGdQcXI0UGF3VlBjMWQvR3dOQWdNQkFBR2pXVEJYTUE0R0ExVWREd0VCL3dRRUF3SUNwREFQCkJnTlZIUk1CQWY4RUJUQURBUUgvTUIwR0ExVWREZ1FXQkJUcEYwSTRUV3dSOWc3dFowWWkzNkdGL3RnUGFEQVYKQmdOVkhSRUVEakFNZ2dwcmRXSmxjbTVsZEdWek1BMEdDU3FHU0liM0RRRUJDd1VBQTRJQkFRQW9WU1NCdUFkdgpQZUNBdGdna2UzOVlRSWF2NFhHbURGdVVsaHkxT0NFZkl3QmRwdXl2c2VpR05JVUlFdVFvZUhreVkvVkFTVkV1CjlCUkZES3ZSdDZNVXo3ZUllOHhyKzBBWFFVc0Y3Yk9LSmdrS1p2Tzlicjd3RkttZmlhdHdNSzRvYUpIVkFpaHIKNUpabHM3MjNpMDZFVnN6SEhUdUw0TzFKRjYvdE5ScDZUU0lRRVBvNWxJek1LR1dDSWEySC9kRjFQVnRUL285RApQNk9BTGV4ZUkyaUhadXlZTUQxMkNZNnJNVWw1R2RCQXM5QWRNV0dFbjlZN3oxSkhXbUgrTjQreDNZRTdoaVlOCjA1RjFHalBrZHAwcDAzWUp1SHcwV0pwMHVsSzFtdzcyUTNmcHJZKzU4Sk1SYSt0b2dONlM3TEVPUVA2c2dIWUIKTURaRDVsdzd3OXNXCi0tLS0tRU5EIENFUlRJRklDQVRFLS0tLS0K"
              }
            ],
            "cluster_id": null,
            "created_at": "2025-04-29 05:35:46.612 +0000 UTC",
            "enabled_cluster_log_types": [],
            "endpoint": "https://D5244E6656E177C9A6707C86D4A885C5.gr7.ap-south-1.eks.amazonaws.com",
            "id": "my-new-cluster-cluster",
            "identity": [
              {
                "oidc": [
                  {
                    "issuer": "https://oidc.eks.ap-south-1.amazonaws.com/id/D5244E6656E177C9A6707C86D4A885C5"
                  }
                ]
              }
            ],
            "kubernetes_network_config": [
              {
                "ip_family": "ipv4",
                "service_ipv4_cidr": "10.100.0.0/16",
                "service_ipv6_cidr": ""
              }
            ],
            "name": "my-new-cluster-cluster",
            "outpost_config": [],
            "platform_version": "eks.48",
            "role_arn": "arn:aws:iam::752249616998:role/my-new-cluster-cluster",
            "status": "ACTIVE",
            "tags": {
              "Attributes": "cluster",
              "Environment": "prod",
              "Name": "my-new-cluster-cluster",
              "Resource_type": "eks_cluster",
              "Terraform": "true"
            },
            "version": "1.25",
            "vpc_config": [
              {
                "cluster_security_group_id": "sg-0a74b87dc9e92a3a5",
                "endpoint_private_access": false,
                "endpoint_public_access": true,
                "public_access_cidrs": [
                  "0.0.0.0/0"
                ],
                "security_group_ids": [
                  "sg-08c71b9f696aebf0b"
                ],
                "subnet_ids": [
                  "subnet-01e359c09554e4763",
                  "subnet-09d98a1dc8816b846",
                  "subnet-09fc028aa18246368"
                ],
                "vpc_id": "vpc-0d337796c99964ecc"
              }
            ]
          },
          "sensitive_attributes": []
        }
      ]
    },
    {
      "module": "module.eks_cluster",
      "mode": "data",
      "type": "aws_eks_cluster_auth",
      "name": "eks",
      "provider": "provider[\"registry.terraform.io/hashicorp/aws\"]",
      "instances": [
        {
          "index_key": 0,
          "schema_version": 0,
          "attributes": {
            "id": "my-new-cluster-cluster",
            "name": "my-new-cluster-cluster",
            "token": "k8s-aws-v1.aHR0cHM6Ly9zdHMuYW1hem9uYXdzLmNvbS8_QWN0aW9uPUdldENhbGxlcklkZW50aXR5JlZlcnNpb249MjAxMS0wNi0xNSZYLUFtei1BbGdvcml0aG09QVdTNC1ITUFDLVNIQTI1NiZYLUFtei1DcmVkZW50aWFsPUFLSUEyNkpNU0hKVE8zUlZTWVhZJTJGMjAyNTA0MjklMkZ1cy1lYXN0LTElMkZzdHMlMkZhd3M0X3JlcXVlc3QmWC1BbXotRGF0ZT0yMDI1MDQyOVQwNTQxNDJaJlgtQW16LUV4cGlyZXM9MCZYLUFtei1TaWduZWRIZWFkZXJzPWhvc3QlM0J4LWs4cy1hd3MtaWQmWC1BbXotU2lnbmF0dXJlPTdjOTQyZmQ5ZmUxNTFmYjZiNjVhNzdiMTFmNzc5YjliODc5ZGMyMzY2MTAyM2VmNDBjZTlkZjEyZWE4OTMxMTA"
          },
          "sensitive_attributes": []
        }
      ]
    },
    {
      "module": "module.eks_cluster",
      "mode": "data",
      "type": "aws_iam_policy_document",
      "name": "assume_role",
      "provider": "provider[\"registry.terraform.io/hashicorp/aws\"]",
      "instances": [
        {
          "index_key": 0,
          "schema_version": 0,
          "attributes": {
            "id": "189502314",
            "json": "{\n  \"Version\": \"2012-10-17\",\n  \"Statement\": [\n    {\n      \"Sid\": \"\",\n      \"Effect\": \"Allow\",\n      \"Action\": \"sts:AssumeRole\",\n      \"Principal\": {\n        \"Service\": \"eks.amazonaws.com\"\n      }\n    }\n  ]\n}",
            "override_json": null,
            "override_policy_documents": null,
            "policy_id": null,
            "source_json": null,
            "source_policy_documents": null,
            "statement": [
              {
                "actions": [
                  "sts:AssumeRole"
                ],
                "condition": [],
                "effect": "Allow",
                "not_actions": [],
                "not_principals": [],
                "not_resources": [],
                "principals": [
                  {
                    "identifiers": [
                      "eks.amazonaws.com"
                    ],
                    "type": "Service"
                  }
                ],
                "resources": [],
                "sid": ""
              }
            ],
            "version": "2012-10-17"
          },
          "sensitive_attributes": []
        }
      ]
    },
    {
      "module": "module.eks_cluster",
      "mode": "data",
      "type": "aws_iam_policy_document",
      "name": "cluster_elb_service_role",
      "provider": "provider[\"registry.terraform.io/hashicorp/aws\"]",
      "instances": [
        {
          "index_key": 0,
          "schema_version": 0,
          "attributes": {
            "id": "3930010347",
            "json": "{\n  \"Version\": \"2012-10-17\",\n  \"Statement\": [\n    {\n      \"Sid\": \"\",\n      \"Effect\": \"Allow\",\n      \"Action\": [\n        \"elasticloadbalancing:SetSubnets\",\n        \"elasticloadbalancing:SetIpAddressType\",\n        \"ec2:DescribeInternetGateways\",\n        \"ec2:DescribeAddresses\",\n        \"ec2:DescribeAccountAttributes\"\n      ],\n      \"Resource\": \"*\"\n    }\n  ]\n}",
            "override_json": null,
            "override_policy_documents": null,
            "policy_id": null,
            "source_json": null,
            "source_policy_documents": null,
            "statement": [
              {
                "actions": [
                  "ec2:DescribeAccountAttributes",
                  "ec2:DescribeAddresses",
                  "ec2:DescribeInternetGateways",
                  "elasticloadbalancing:SetIpAddressType",
                  "elasticloadbalancing:SetSubnets"
                ],
                "condition": [],
                "effect": "Allow",
                "not_actions": [],
                "not_principals": [],
                "not_resources": [],
                "principals": [],
                "resources": [
                  "*"
                ],
                "sid": ""
              }
            ],
            "version": "2012-10-17"
          },
          "sensitive_attributes": []
        }
      ]
    },
    {
      "module": "module.eks_cluster",
      "mode": "data",
      "type": "aws_partition",
      "name": "current",
      "provider": "provider[\"registry.terraform.io/hashicorp/aws\"]",
      "instances": [
        {
          "index_key": 0,
          "schema_version": 0,
          "attributes": {
            "dns_suffix": "amazonaws.com",
            "id": "aws",
            "partition": "aws",
            "reverse_dns_prefix": "com.amazonaws"
          },
          "sensitive_attributes": []
        }
      ]
    },
    {
      "module": "module.eks_cluster",
      "mode": "managed",
      "type": "aws_eks_cluster",
      "name": "default",
      "provider": "provider[\"registry.terraform.io/hashicorp/aws\"]",
      "instances": [
        {
          "index_key": 0,
          "schema_version": 0,
          "attributes": {
            "arn": "arn:aws:eks:ap-south-1:752249616998:cluster/my-new-cluster-cluster",
            "certificate_authority": [
              {
                "data": "LS0tLS1CRUdJTiBDRVJUSUZJQ0FURS0tLS0tCk1JSURCVENDQWUyZ0F3SUJBZ0lJRDY5TVRZQlhMNkl3RFFZSktvWklodmNOQVFFTEJRQXdGVEVUTUJFR0ExVUUKQXhNS2EzVmlaWEp1WlhSbGN6QWVGdzB5TlRBME1qa3dOVE0wTlRsYUZ3MHpOVEEwTWpjd05UTTVOVGxhTUJVeApFekFSQmdOVkJBTVRDbXQxWW1WeWJtVjBaWE13Z2dFaU1BMEdDU3FHU0liM0RRRUJBUVVBQTRJQkR3QXdnZ0VLCkFvSUJBUUN2Qm5ERlNrT1JITlNOTlhPekJGMXVPRm42VHFXdVdzaU41UlRIaWorMUk4WTJOVjZnUVV5cFlwN0QKY1B3NTNZV1VnT0lKbm9MN2NzdU0yTzFGVDEvbG8zR0lwNFRSaStIa2JZTUs1MXFpMlR5NEt6THAxVXBZS1c1awo3SE9lT0srV1d6Qzl2WFZ3enhrWWswd2dJUStqdmZoeEVFM3Z1Q3ZOUHlaVFQwd1kwRGliZGhvK2JUVkxjLzBMCjdlNitIZEp3Y0VmQjBZbmhhdStsdDg4alEzaHZ5alB5d2xyMmN0dWtGeFVTYzJYcWxBM2FDNUtqc1dyaVN3dHEKd29Da0FxVnhYRUFUSkErdFR2b1BiU0ROOWFMbVBOQ2t6d0IvS2RzMVdkMU4wTHpGUnJpNWxNaUJnV0tISFluVwp4cXJob3FVMkd1WGdQcXI0UGF3VlBjMWQvR3dOQWdNQkFBR2pXVEJYTUE0R0ExVWREd0VCL3dRRUF3SUNwREFQCkJnTlZIUk1CQWY4RUJUQURBUUgvTUIwR0ExVWREZ1FXQkJUcEYwSTRUV3dSOWc3dFowWWkzNkdGL3RnUGFEQVYKQmdOVkhSRUVEakFNZ2dwcmRXSmxjbTVsZEdWek1BMEdDU3FHU0liM0RRRUJDd1VBQTRJQkFRQW9WU1NCdUFkdgpQZUNBdGdna2UzOVlRSWF2NFhHbURGdVVsaHkxT0NFZkl3QmRwdXl2c2VpR05JVUlFdVFvZUhreVkvVkFTVkV1CjlCUkZES3ZSdDZNVXo3ZUllOHhyKzBBWFFVc0Y3Yk9LSmdrS1p2Tzlicjd3RkttZmlhdHdNSzRvYUpIVkFpaHIKNUpabHM3MjNpMDZFVnN6SEhUdUw0TzFKRjYvdE5ScDZUU0lRRVBvNWxJek1LR1dDSWEySC9kRjFQVnRUL285RApQNk9BTGV4ZUkyaUhadXlZTUQxMkNZNnJNVWw1R2RCQXM5QWRNV0dFbjlZN3oxSkhXbUgrTjQreDNZRTdoaVlOCjA1RjFHalBrZHAwcDAzWUp1SHcwV0pwMHVsSzFtdzcyUTNmcHJZKzU4Sk1SYSt0b2dONlM3TEVPUVA2c2dIWUIKTURaRDVsdzd3OXNXCi0tLS0tRU5EIENFUlRJRklDQVRFLS0tLS0K"
              }
            ],
            "cluster_id": null,
            "created_at": "2025-04-29 05:35:46.612 +0000 UTC",
            "enabled_cluster_log_types": null,
            "encryption_config": [],
            "endpoint": "https://D5244E6656E177C9A6707C86D4A885C5.gr7.ap-south-1.eks.amazonaws.com",
            "id": "my-new-cluster-cluster",
            "identity": [
              {
                "oidc": [
                  {
                    "issuer": "https://oidc.eks.ap-south-1.amazonaws.com/id/D5244E6656E177C9A6707C86D4A885C5"
                  }
                ]
              }
            ],
            "kubernetes_network_config": [
              {
                "ip_family": "ipv4",
                "service_ipv4_cidr": "10.100.0.0/16",
                "service_ipv6_cidr": ""
              }
            ],
            "name": "my-new-cluster-cluster",
            "outpost_config": [],
            "platform_version": "eks.48",
            "role_arn": "arn:aws:iam::752249616998:role/my-new-cluster-cluster",
            "status": "ACTIVE",
            "tags": {
              "Attributes": "cluster",
              "Environment": "prod",
              "Name": "my-new-cluster-cluster",
              "Resource_type": "eks_cluster",
              "Terraform": "true"
            },
            "tags_all": {
              "Attributes": "cluster",
              "Environment": "prod",
              "Name": "my-new-cluster-cluster",
              "Resource_type": "eks_cluster",
              "Terraform": "true"
            },
            "timeouts": null,
            "version": "1.25",
            "vpc_config": [
              {
                "cluster_security_group_id": "sg-0a74b87dc9e92a3a5",
                "endpoint_private_access": false,
                "endpoint_public_access": true,
                "public_access_cidrs": [
                  "0.0.0.0/0"
                ],
                "security_group_ids": [
                  "sg-08c71b9f696aebf0b"
                ],
                "subnet_ids": [
                  "subnet-01e359c09554e4763",
                  "subnet-09d98a1dc8816b846",
                  "subnet-09fc028aa18246368"
                ],
                "vpc_id": "vpc-0d337796c99964ecc"
              }
            ]
          },
          "sensitive_attributes": [],
          "private": "eyJlMmJmYjczMC1lY2FhLTExZTYtOGY4OC0zNDM2M2JjN2M0YzAiOnsiY3JlYXRlIjoxODAwMDAwMDAwMDAwLCJkZWxldGUiOjkwMDAwMDAwMDAwMCwidXBkYXRlIjozNjAwMDAwMDAwMDAwfX0=",
          "dependencies": [
            "module.dynamic_subnets.aws_subnet.public",
            "module.dynamic_subnets.data.aws_availability_zones.available",
            "module.dynamic_subnets.data.aws_vpc.default",
            "module.eks_cluster.aws_cloudwatch_log_group.default",
            "module.eks_cluster.aws_iam_role.default",
            "module.eks_cluster.aws_iam_role_policy_attachment.amazon_eks_cluster_policy",
            "module.eks_cluster.aws_iam_role_policy_attachment.amazon_eks_service_policy",
            "module.eks_cluster.aws_kms_key.cluster",
            "module.eks_cluster.aws_security_group.default",
            "module.eks_cluster.data.aws_iam_policy_document.assume_role",
            "module.eks_cluster.data.aws_partition.current",
            "module.vpc.aws_vpc.default"
          ]
        }
      ]
    },
    {
      "module": "module.eks_cluster",
      "mode": "managed",
      "type": "aws_iam_openid_connect_provider",
      "name": "default",
      "provider": "provider[\"registry.terraform.io/hashicorp/aws\"]",
      "instances": [
        {
          "index_key": 0,
          "schema_version": 0,
          "attributes": {
            "arn": "arn:aws:iam::752249616998:oidc-provider/oidc.eks.ap-south-1.amazonaws.com/id/D5244E6656E177C9A6707C86D4A885C5",
            "client_id_list": [
              "sts.amazonaws.com"
            ],
            "id": "arn:aws:iam::752249616998:oidc-provider/oidc.eks.ap-south-1.amazonaws.com/id/D5244E6656E177C9A6707C86D4A885C5",
            "tags": null,
            "tags_all": {},
            "thumbprint_list": [
              "9e99a48a9960b14926bb7f3b02e22da2b0ab7280"
            ],
            "url": "oidc.eks.ap-south-1.amazonaws.com/id/D5244E6656E177C9A6707C86D4A885C5"
          },
          "sensitive_attributes": [],
          "private": "bnVsbA==",
          "dependencies": [
            "module.dynamic_subnets.aws_subnet.public",
            "module.dynamic_subnets.data.aws_availability_zones.available",
            "module.dynamic_subnets.data.aws_vpc.default",
            "module.eks_cluster.aws_cloudwatch_log_group.default",
            "module.eks_cluster.aws_eks_cluster.default",
            "module.eks_cluster.aws_iam_role.default",
            "module.eks_cluster.aws_iam_role_policy_attachment.amazon_eks_cluster_policy",
            "module.eks_cluster.aws_iam_role_policy_attachment.amazon_eks_service_policy",
            "module.eks_cluster.aws_kms_key.cluster",
            "module.eks_cluster.aws_security_group.default",
            "module.eks_cluster.data.aws_iam_policy_document.assume_role",
            "module.eks_cluster.data.aws_partition.current",
            "module.vpc.aws_vpc.default"
          ]
        }
      ]
    },
    {
      "module": "module.eks_cluster",
      "mode": "managed",
      "type": "aws_iam_role",
      "name": "default",
      "provider": "provider[\"registry.terraform.io/hashicorp/aws\"]",
      "instances": [
        {
          "index_key": 0,
          "schema_version": 0,
          "attributes": {
            "arn": "arn:aws:iam::752249616998:role/my-new-cluster-cluster",
            "assume_role_policy": "{\"Statement\":[{\"Action\":\"sts:AssumeRole\",\"Effect\":\"Allow\",\"Principal\":{\"Service\":\"eks.amazonaws.com\"},\"Sid\":\"\"}],\"Version\":\"2012-10-17\"}",
            "create_date": "2025-04-29T05:35:09Z",
            "description": "",
            "force_detach_policies": false,
            "id": "my-new-cluster-cluster",
            "inline_policy": [],
            "managed_policy_arns": [],
            "max_session_duration": 3600,
            "name": "my-new-cluster-cluster",
            "name_prefix": "",
            "path": "/",
            "permissions_boundary": null,
            "role_last_used": [
              {
                "last_used_date": "",
                "region": ""
              }
            ],
            "tags": {
              "Attributes": "cluster",
              "Environment": "prod",
              "Name": "my-new-cluster-cluster",
              "Resource_type": "eks_cluster",
              "Terraform": "true"
            },
            "tags_all": {
              "Attributes": "cluster",
              "Environment": "prod",
              "Name": "my-new-cluster-cluster",
              "Resource_type": "eks_cluster",
              "Terraform": "true"
            },
            "unique_id": "AROA26JMSHJTMAD2B5WEM"
          },
          "sensitive_attributes": [],
          "private": "bnVsbA==",
          "dependencies": [
            "module.eks_cluster.data.aws_iam_policy_document.assume_role"
          ]
        }
      ]
    },
    {
      "module": "module.eks_cluster",
      "mode": "managed",
      "type": "aws_iam_role_policy",
      "name": "cluster_elb_service_role",
      "provider": "provider[\"registry.terraform.io/hashicorp/aws\"]",
      "instances": [
        {
          "index_key": 0,
          "schema_version": 0,
          "attributes": {
            "id": "my-new-cluster-cluster:my-new-cluster-cluster",
            "name": "my-new-cluster-cluster",
            "name_prefix": null,
            "policy": "{\"Version\":\"2012-10-17\",\"Statement\":[{\"Action\":[\"elasticloadbalancing:SetSubnets\",\"elasticloadbalancing:SetIpAddressType\",\"ec2:DescribeInternetGateways\",\"ec2:DescribeAddresses\",\"ec2:DescribeAccountAttributes\"],\"Effect\":\"Allow\",\"Resource\":\"*\",\"Sid\":\"\"}]}",
            "role": "my-new-cluster-cluster"
          },
          "sensitive_attributes": [],
          "private": "bnVsbA==",
          "dependencies": [
            "module.eks_cluster.aws_iam_role.default",
            "module.eks_cluster.data.aws_iam_policy_document.assume_role",
            "module.eks_cluster.data.aws_iam_policy_document.cluster_elb_service_role"
          ]
        }
      ]
    },
    {
      "module": "module.eks_cluster",
      "mode": "managed",
      "type": "aws_iam_role_policy_attachment",
      "name": "amazon_eks_cluster_policy",
      "provider": "provider[\"registry.terraform.io/hashicorp/aws\"]",
      "instances": [
        {
          "index_key": 0,
          "schema_version": 0,
          "attributes": {
            "id": "my-new-cluster-cluster-20250429053510421900000003",
            "policy_arn": "arn:aws:iam::aws:policy/AmazonEKSClusterPolicy",
            "role": "my-new-cluster-cluster"
          },
          "sensitive_attributes": [],
          "private": "bnVsbA==",
          "dependencies": [
            "module.eks_cluster.aws_iam_role.default",
            "module.eks_cluster.data.aws_iam_policy_document.assume_role",
            "module.eks_cluster.data.aws_partition.current"
          ]
        }
      ]
    },
    {
      "module": "module.eks_cluster",
      "mode": "managed",
      "type": "aws_iam_role_policy_attachment",
      "name": "amazon_eks_service_policy",
      "provider": "provider[\"registry.terraform.io/hashicorp/aws\"]",
      "instances": [
        {
          "index_key": 0,
          "schema_version": 0,
          "attributes": {
            "id": "my-new-cluster-cluster-20250429053510381000000001",
            "policy_arn": "arn:aws:iam::aws:policy/AmazonEKSServicePolicy",
            "role": "my-new-cluster-cluster"
          },
          "sensitive_attributes": [],
          "private": "bnVsbA==",
          "dependencies": [
            "module.eks_cluster.aws_iam_role.default",
            "module.eks_cluster.data.aws_iam_policy_document.assume_role",
            "module.eks_cluster.data.aws_partition.current"
          ]
        }
      ]
    },
    {
      "module": "module.eks_cluster",
      "mode": "managed",
      "type": "aws_security_group",
      "name": "default",
      "provider": "provider[\"registry.terraform.io/hashicorp/aws\"]",
      "instances": [
        {
          "index_key": 0,
          "schema_version": 1,
          "attributes": {
            "arn": "arn:aws:ec2:ap-south-1:752249616998:security-group/sg-08c71b9f696aebf0b",
            "description": "Security Group for EKS cluster",
            "egress": [],
            "id": "sg-08c71b9f696aebf0b",
            "ingress": [],
            "name": "my-new-cluster-cluster",
            "name_prefix": "",
            "owner_id": "752249616998",
            "revoke_rules_on_delete": false,
            "tags": {
              "Attributes": "cluster",
              "Environment": "prod",
              "Name": "my-new-cluster-cluster",
              "Resource_type": "eks_cluster",
              "Terraform": "true"
            },
            "tags_all": {
              "Attributes": "cluster",
              "Environment": "prod",
              "Name": "my-new-cluster-cluster",
              "Resource_type": "eks_cluster",
              "Terraform": "true"
            },
            "timeouts": null,
            "vpc_id": "vpc-0d337796c99964ecc"
          },
          "sensitive_attributes": [],
          "private": "eyJlMmJmYjczMC1lY2FhLTExZTYtOGY4OC0zNDM2M2JjN2M0YzAiOnsiY3JlYXRlIjo2MDAwMDAwMDAwMDAsImRlbGV0ZSI6OTAwMDAwMDAwMDAwfSwic2NoZW1hX3ZlcnNpb24iOiIxIn0=",
          "dependencies": [
            "module.vpc.aws_vpc.default"
          ]
        }
      ]
    },
    {
      "module": "module.eks_cluster",
      "mode": "managed",
      "type": "aws_security_group_rule",
      "name": "egress",
      "provider": "provider[\"registry.terraform.io/hashicorp/aws\"]",
      "instances": [
        {
          "index_key": 0,
          "schema_version": 2,
          "attributes": {
            "cidr_blocks": [
              "0.0.0.0/0"
            ],
            "description": "Allow all egress traffic",
            "from_port": 0,
            "id": "sgrule-918875534",
            "ipv6_cidr_blocks": null,
            "prefix_list_ids": null,
            "protocol": "-1",
            "security_group_id": "sg-08c71b9f696aebf0b",
            "security_group_rule_id": "sgr-0aa3032ed54a16b77",
            "self": false,
            "source_security_group_id": null,
            "timeouts": null,
            "to_port": 0,
            "type": "egress"
          },
          "sensitive_attributes": [],
          "private": "eyJlMmJmYjczMC1lY2FhLTExZTYtOGY4OC0zNDM2M2JjN2M0YzAiOnsiY3JlYXRlIjozMDAwMDAwMDAwMDB9LCJzY2hlbWFfdmVyc2lvbiI6IjIifQ==",
          "dependencies": [
            "module.eks_cluster.aws_security_group.default",
            "module.vpc.aws_vpc.default"
          ]
        }
      ]
    },
    {
      "module": "module.eks_cluster",
      "mode": "managed",
      "type": "kubernetes_config_map",
      "name": "aws_auth_ignore_changes",
      "provider": "module.eks_cluster.provider[\"registry.terraform.io/hashicorp/kubernetes\"]",
      "instances": [
        {
          "index_key": 0,
          "schema_version": 0,
          "attributes": {
            "binary_data": null,
            "data": {
              "mapAccounts": "[]\n",
              "mapRoles": "- \"groups\":\n  - \"system:bootstrappers\"\n  - \"system:nodes\"\n  \"rolearn\": \"arn:aws:iam::752249616998:role/my-new-cluster-workers\"\n  \"username\": \"system:node:{{EC2PrivateDNSName}}\"\n",
              "mapUsers": "[]\n"
            },
            "id": "kube-system/aws-auth",
            "metadata": [
              {
                "annotations": null,
                "generate_name": "",
                "generation": 0,
                "labels": null,
                "name": "aws-auth",
                "namespace": "kube-system",
                "resource_version": "527",
                "self_link": "",
                "uid": "188ab55e-1871-4135-9ef3-3ad278b56a55"
              }
            ]
          },
          "sensitive_attributes": [],
          "private": "bnVsbA==",
          "dependencies": [
            "module.dynamic_subnets.aws_subnet.public",
            "module.dynamic_subnets.data.aws_availability_zones.available",
            "module.dynamic_subnets.data.aws_vpc.default",
            "module.eks_cluster.aws_cloudwatch_log_group.default",
            "module.eks_cluster.aws_eks_cluster.default",
            "module.eks_cluster.aws_iam_role.default",
            "module.eks_cluster.aws_iam_role_policy_attachment.amazon_eks_cluster_policy",
            "module.eks_cluster.aws_iam_role_policy_attachment.amazon_eks_service_policy",
            "module.eks_cluster.aws_kms_key.cluster",
            "module.eks_cluster.aws_security_group.default",
            "module.eks_cluster.data.aws_eks_cluster.eks",
            "module.eks_cluster.data.aws_eks_cluster_auth.eks",
            "module.eks_cluster.data.aws_iam_policy_document.assume_role",
            "module.eks_cluster.data.aws_partition.current",
            "module.eks_cluster.null_resource.wait_for_cluster",
            "module.eks_node_group.aws_iam_role.default",
            "module.eks_node_group.data.aws_iam_policy_document.assume_role",
            "module.vpc.aws_vpc.default"
          ]
        }
      ]
    },
    {
      "module": "module.eks_cluster",
      "mode": "managed",
      "type": "local_file",
      "name": "kubeconfig",
      "provider": "provider[\"registry.terraform.io/hashicorp/local\"]",
      "instances": [
        {
          "index_key": 0,
          "schema_version": 0,
          "attributes": {
            "content": "apiVersion: v1\npreferences: {}\nkind: Config\n\nclusters:\n- cluster:\n    server: https://D5244E6656E177C9A6707C86D4A885C5.gr7.ap-south-1.eks.amazonaws.com\n    certificate-authority-data: LS0tLS1CRUdJTiBDRVJUSUZJQ0FURS0tLS0tCk1JSURCVENDQWUyZ0F3SUJBZ0lJRDY5TVRZQlhMNkl3RFFZSktvWklodmNOQVFFTEJRQXdGVEVUTUJFR0ExVUUKQXhNS2EzVmlaWEp1WlhSbGN6QWVGdzB5TlRBME1qa3dOVE0wTlRsYUZ3MHpOVEEwTWpjd05UTTVOVGxhTUJVeApFekFSQmdOVkJBTVRDbXQxWW1WeWJtVjBaWE13Z2dFaU1BMEdDU3FHU0liM0RRRUJBUVVBQTRJQkR3QXdnZ0VLCkFvSUJBUUN2Qm5ERlNrT1JITlNOTlhPekJGMXVPRm42VHFXdVdzaU41UlRIaWorMUk4WTJOVjZnUVV5cFlwN0QKY1B3NTNZV1VnT0lKbm9MN2NzdU0yTzFGVDEvbG8zR0lwNFRSaStIa2JZTUs1MXFpMlR5NEt6THAxVXBZS1c1awo3SE9lT0srV1d6Qzl2WFZ3enhrWWswd2dJUStqdmZoeEVFM3Z1Q3ZOUHlaVFQwd1kwRGliZGhvK2JUVkxjLzBMCjdlNitIZEp3Y0VmQjBZbmhhdStsdDg4alEzaHZ5alB5d2xyMmN0dWtGeFVTYzJYcWxBM2FDNUtqc1dyaVN3dHEKd29Da0FxVnhYRUFUSkErdFR2b1BiU0ROOWFMbVBOQ2t6d0IvS2RzMVdkMU4wTHpGUnJpNWxNaUJnV0tISFluVwp4cXJob3FVMkd1WGdQcXI0UGF3VlBjMWQvR3dOQWdNQkFBR2pXVEJYTUE0R0ExVWREd0VCL3dRRUF3SUNwREFQCkJnTlZIUk1CQWY4RUJUQURBUUgvTUIwR0ExVWREZ1FXQkJUcEYwSTRUV3dSOWc3dFowWWkzNkdGL3RnUGFEQVYKQmdOVkhSRUVEakFNZ2dwcmRXSmxjbTVsZEdWek1BMEdDU3FHU0liM0RRRUJDd1VBQTRJQkFRQW9WU1NCdUFkdgpQZUNBdGdna2UzOVlRSWF2NFhHbURGdVVsaHkxT0NFZkl3QmRwdXl2c2VpR05JVUlFdVFvZUhreVkvVkFTVkV1CjlCUkZES3ZSdDZNVXo3ZUllOHhyKzBBWFFVc0Y3Yk9LSmdrS1p2Tzlicjd3RkttZmlhdHdNSzRvYUpIVkFpaHIKNUpabHM3MjNpMDZFVnN6SEhUdUw0TzFKRjYvdE5ScDZUU0lRRVBvNWxJek1LR1dDSWEySC9kRjFQVnRUL285RApQNk9BTGV4ZUkyaUhadXlZTUQxMkNZNnJNVWw1R2RCQXM5QWRNV0dFbjlZN3oxSkhXbUgrTjQreDNZRTdoaVlOCjA1RjFHalBrZHAwcDAzWUp1SHcwV0pwMHVsSzFtdzcyUTNmcHJZKzU4Sk1SYSt0b2dONlM3TEVPUVA2c2dIWUIKTURaRDVsdzd3OXNXCi0tLS0tRU5EIENFUlRJRklDQVRFLS0tLS0K\n  name: my-new-cluster-cluster\n\ncontexts:\n- context:\n    cluster: my-new-cluster-cluster\n    user: my-new-cluster-cluster\n  name: my-new-cluster-cluster\n\ncurrent-context: my-new-cluster-cluster\n\nusers:\n- name: my-new-cluster-cluster\n  user:\n    exec:\n      apiVersion: client.authentication.k8s.io/v1alpha1\n      command: aws-iam-authenticator\n      args:\n        - \"token\"\n        - \"-i\"\n        - \"my-new-cluster-cluster\"",
            "content_base64": null,
            "directory_permission": "0755",
            "file_permission": "0644",
            "filename": "./kubeconfig_my-new-cluster-cluster",
            "id": "8263a00a7d7d5a7eea988c2b97356995bd5ca6f8",
            "sensitive_content": null
          },
          "sensitive_attributes": [],
          "private": "bnVsbA==",
          "dependencies": [
            "module.dynamic_subnets.aws_subnet.public",
            "module.dynamic_subnets.data.aws_availability_zones.available",
            "module.dynamic_subnets.data.aws_vpc.default",
            "module.eks_cluster.aws_cloudwatch_log_group.default",
            "module.eks_cluster.aws_eks_cluster.default",
            "module.eks_cluster.aws_iam_role.default",
            "module.eks_cluster.aws_iam_role_policy_attachment.amazon_eks_cluster_policy",
            "module.eks_cluster.aws_iam_role_policy_attachment.amazon_eks_service_policy",
            "module.eks_cluster.aws_kms_key.cluster",
            "module.eks_cluster.aws_security_group.default",
            "module.eks_cluster.data.aws_iam_policy_document.assume_role",
            "module.eks_cluster.data.aws_partition.current",
            "module.vpc.aws_vpc.default"
          ]
        }
      ]
    },
    {
      "module": "module.eks_cluster",
      "mode": "managed",
      "type": "null_resource",
      "name": "wait_for_cluster",
      "provider": "provider[\"registry.terraform.io/hashicorp/null\"]",
      "instances": [
        {
          "index_key": 0,
          "schema_version": 0,
          "attributes": {
            "id": "4564240164548584304",
            "triggers": null
          },
          "sensitive_attributes": [],
          "private": "bnVsbA==",
          "dependencies": [
            "module.dynamic_subnets.aws_subnet.public",
            "module.dynamic_subnets.data.aws_availability_zones.available",
            "module.dynamic_subnets.data.aws_vpc.default",
            "module.eks_cluster.aws_cloudwatch_log_group.default",
            "module.eks_cluster.aws_eks_cluster.default",
            "module.eks_cluster.aws_iam_role.default",
            "module.eks_cluster.aws_iam_role_policy_attachment.amazon_eks_cluster_policy",
            "module.eks_cluster.aws_iam_role_policy_attachment.amazon_eks_service_policy",
            "module.eks_cluster.aws_kms_key.cluster",
            "module.eks_cluster.aws_security_group.default",
            "module.eks_cluster.data.aws_iam_policy_document.assume_role",
            "module.eks_cluster.data.aws_partition.current",
            "module.vpc.aws_vpc.default"
          ]
        }
      ]
    },
    {
      "module": "module.eks_node_group",
      "mode": "data",
      "type": "aws_iam_policy_document",
      "name": "amazon_eks_worker_node_autoscale_policy",
      "provider": "provider[\"registry.terraform.io/hashicorp/aws\"]",
      "instances": [
        {
          "index_key": 0,
          "schema_version": 0,
          "attributes": {
            "id": "649513453",
            "json": "{\n  \"Version\": \"2012-10-17\",\n  \"Statement\": [\n    {\n      \"Sid\": \"AllowToScaleEKSNodeGroupAutoScalingGroup\",\n      \"Effect\": \"Allow\",\n      \"Action\": [\n        \"ec2:DescribeLaunchTemplateVersions\",\n        \"autoscaling:TerminateInstanceInAutoScalingGroup\",\n        \"autoscaling:SetDesiredCapacity\",\n        \"autoscaling:DescribeTags\",\n        \"autoscaling:DescribeLaunchConfigurations\",\n        \"autoscaling:DescribeAutoScalingInstances\",\n        \"autoscaling:DescribeAutoScalingGroups\"\n      ],\n      \"Resource\": \"*\"\n    }\n  ]\n}",
            "override_json": null,
            "override_policy_documents": null,
            "policy_id": null,
            "source_json": null,
            "source_policy_documents": null,
            "statement": [
              {
                "actions": [
                  "autoscaling:DescribeAutoScalingGroups",
                  "autoscaling:DescribeAutoScalingInstances",
                  "autoscaling:DescribeLaunchConfigurations",
                  "autoscaling:DescribeTags",
                  "autoscaling:SetDesiredCapacity",
                  "autoscaling:TerminateInstanceInAutoScalingGroup",
                  "ec2:DescribeLaunchTemplateVersions"
                ],
                "condition": [],
                "effect": "Allow",
                "not_actions": [],
                "not_principals": [],
                "not_resources": [],
                "principals": [],
                "resources": [
                  "*"
                ],
                "sid": "AllowToScaleEKSNodeGroupAutoScalingGroup"
              }
            ],
            "version": "2012-10-17"
          },
          "sensitive_attributes": []
        }
      ]
    },
    {
      "module": "module.eks_node_group",
      "mode": "data",
      "type": "aws_iam_policy_document",
      "name": "assume_role",
      "provider": "provider[\"registry.terraform.io/hashicorp/aws\"]",
      "instances": [
        {
          "index_key": 0,
          "schema_version": 0,
          "attributes": {
            "id": "1903849331",
            "json": "{\n  \"Version\": \"2012-10-17\",\n  \"Statement\": [\n    {\n      \"Sid\": \"\",\n      \"Effect\": \"Allow\",\n      \"Action\": \"sts:AssumeRole\",\n      \"Principal\": {\n        \"Service\": \"ec2.amazonaws.com\"\n      }\n    }\n  ]\n}",
            "override_json": null,
            "override_policy_documents": null,
            "policy_id": null,
            "source_json": null,
            "source_policy_documents": null,
            "statement": [
              {
                "actions": [
                  "sts:AssumeRole"
                ],
                "condition": [],
                "effect": "Allow",
                "not_actions": [],
                "not_principals": [],
                "not_resources": [],
                "principals": [
                  {
                    "identifiers": [
                      "ec2.amazonaws.com"
                    ],
                    "type": "Service"
                  }
                ],
                "resources": [],
                "sid": ""
              }
            ],
            "version": "2012-10-17"
          },
          "sensitive_attributes": []
        }
      ]
    },
    {
      "module": "module.eks_node_group",
      "mode": "data",
      "type": "aws_partition",
      "name": "current",
      "provider": "provider[\"registry.terraform.io/hashicorp/aws\"]",
      "instances": [
        {
          "index_key": 0,
          "schema_version": 0,
          "attributes": {
            "dns_suffix": "amazonaws.com",
            "id": "aws",
            "partition": "aws",
            "reverse_dns_prefix": "com.amazonaws"
          },
          "sensitive_attributes": []
        }
      ]
    },
    {
      "module": "module.eks_node_group",
      "mode": "managed",
      "type": "aws_eks_node_group",
      "name": "default",
      "provider": "provider[\"registry.terraform.io/hashicorp/aws\"]",
      "instances": [
        {
          "index_key": 0,
          "schema_version": 0,
          "attributes": {
            "ami_type": "AL2_x86_64",
            "arn": "arn:aws:eks:ap-south-1:752249616998:nodegroup/my-new-cluster-cluster/my-new-cluster-workers/3ecb4008-6376-031c-ab0d-08df8f04ef0c",
            "capacity_type": "ON_DEMAND",
            "cluster_name": "my-new-cluster-cluster",
            "disk_size": 0,
            "force_update_version": null,
            "id": "my-new-cluster-cluster:my-new-cluster-workers",
            "instance_types": [],
            "labels": null,
            "launch_template": [
              {
                "id": "lt-0e012bc562c293be5",
                "name": "my-new-cluster-workers2025042905414366740000000d",
                "version": "1"
              }
            ],
            "node_group_name": "my-new-cluster-workers",
            "node_group_name_prefix": "",
            "node_role_arn": "arn:aws:iam::752249616998:role/my-new-cluster-workers",
            "release_version": "1.25.16-20250419",
            "remote_access": [],
            "resources": [
              {
                "autoscaling_groups": [
                  {
                    "name": "eks-my-new-cluster-workers-3ecb4008-6376-031c-ab0d-08df8f04ef0c"
                  }
                ],
                "remote_access_security_group_id": ""
              }
            ],
            "scaling_config": [
              {
                "desired_size": 1,
                "max_size": 2,
                "min_size": 1
              }
            ],
            "status": "ACTIVE",
            "subnet_ids": [
              "subnet-048978e6a88cfb394",
              "subnet-0742290def47d6fde",
              "subnet-0d2defec161069197"
            ],
            "tags": {
              "Attributes": "workers",
              "Environment": "prod",
              "Name": "my-new-cluster-workers",
              "Resource_type": "eks-nodegroup",
              "Terraform": "true",
              "k8s.io/cluster-autoscaler/enabled": "true",
              "k8s.io/cluster-autoscaler/my-new-cluster-cluster": "owned",
              "kubernetes.io/cluster/my-new-cluster-cluster": "owned"
            },
            "tags_all": {
              "Attributes": "workers",
              "Environment": "prod",
              "Name": "my-new-cluster-workers",
              "Resource_type": "eks-nodegroup",
              "Terraform": "true",
              "k8s.io/cluster-autoscaler/enabled": "true",
              "k8s.io/cluster-autoscaler/my-new-cluster-cluster": "owned",
              "kubernetes.io/cluster/my-new-cluster-cluster": "owned"
            },
            "taint": [],
            "timeouts": null,
            "update_config": [
              {
                "max_unavailable": 1,
                "max_unavailable_percentage": 0
              }
            ],
            "version": "1.25"
          },
          "sensitive_attributes": [],
          "private": "eyJlMmJmYjczMC1lY2FhLTExZTYtOGY4OC0zNDM2M2JjN2M0YzAiOnsiY3JlYXRlIjozNjAwMDAwMDAwMDAwLCJkZWxldGUiOjM2MDAwMDAwMDAwMDAsInVwZGF0ZSI6MzYwMDAwMDAwMDAwMH19",
          "dependencies": [
            "data.null_data_source.wait_for_cluster_and_kubernetes_configmap",
            "module.dynamic_subnets.aws_subnet.private",
            "module.dynamic_subnets.aws_subnet.public",
            "module.dynamic_subnets.data.aws_availability_zones.available",
            "module.dynamic_subnets.data.aws_vpc.default",
            "module.eks_cluster.aws_cloudwatch_log_group.default",
            "module.eks_cluster.aws_eks_cluster.default",
            "module.eks_cluster.aws_iam_role.default",
            "module.eks_cluster.aws_iam_role_policy_attachment.amazon_eks_cluster_policy",
            "module.eks_cluster.aws_iam_role_policy_attachment.amazon_eks_service_policy",
            "module.eks_cluster.aws_kms_key.cluster",
            "module.eks_cluster.aws_security_group.default",
            "module.eks_cluster.data.aws_eks_cluster.eks",
            "module.eks_cluster.data.aws_eks_cluster_auth.eks",
            "module.eks_cluster.data.aws_iam_policy_document.assume_role",
            "module.eks_cluster.data.aws_partition.current",
            "module.eks_cluster.kubernetes_config_map.aws_auth",
            "module.eks_cluster.kubernetes_config_map.aws_auth_ignore_changes",
            "module.eks_cluster.null_resource.wait_for_cluster",
            "module.eks_node_group.aws_iam_policy.amazon_eks_worker_node_autoscale_policy",
            "module.eks_node_group.aws_iam_role.default",
            "module.eks_node_group.aws_iam_role_policy_attachment.amazon_ec2_container_registry_read_only",
            "module.eks_node_group.aws_iam_role_policy_attachment.amazon_eks_cni_policy",
            "module.eks_node_group.aws_iam_role_policy_attachment.amazon_eks_worker_node_autoscale_policy",
            "module.eks_node_group.aws_iam_role_policy_attachment.amazon_eks_worker_node_policy",
            "module.eks_node_group.aws_launch_template.default",
            "module.eks_node_group.aws_security_group.remote_access",
            "module.eks_node_group.data.aws_ami.selected",
            "module.eks_node_group.data.aws_eks_cluster.this",
            "module.eks_node_group.data.aws_iam_policy_document.amazon_eks_worker_node_autoscale_policy",
            "module.eks_node_group.data.aws_iam_policy_document.assume_role",
            "module.eks_node_group.data.aws_launch_template.this",
            "module.eks_node_group.data.aws_partition.current",
            "module.vpc.aws_vpc.default"
          ]
        }
      ]
    },
    {
      "module": "module.eks_node_group",
      "mode": "managed",
      "type": "aws_iam_policy",
      "name": "amazon_eks_worker_node_autoscale_policy",
      "provider": "provider[\"registry.terraform.io/hashicorp/aws\"]",
      "instances": [
        {
          "index_key": 0,
          "schema_version": 0,
          "attributes": {
            "arn": "arn:aws:iam::752249616998:policy/my-new-cluster-workers-autoscale",
            "description": "",
            "id": "arn:aws:iam::752249616998:policy/my-new-cluster-workers-autoscale",
            "name": "my-new-cluster-workers-autoscale",
            "name_prefix": "",
            "path": "/",
            "policy": "{\"Statement\":[{\"Action\":[\"ec2:DescribeLaunchTemplateVersions\",\"autoscaling:TerminateInstanceInAutoScalingGroup\",\"autoscaling:SetDesiredCapacity\",\"autoscaling:DescribeTags\",\"autoscaling:DescribeLaunchConfigurations\",\"autoscaling:DescribeAutoScalingInstances\",\"autoscaling:DescribeAutoScalingGroups\"],\"Effect\":\"Allow\",\"Resource\":\"*\",\"Sid\":\"AllowToScaleEKSNodeGroupAutoScalingGroup\"}],\"Version\":\"2012-10-17\"}",
            "policy_id": "ANPA26JMSHJTPGJJQZPEF",
            "tags": null,
            "tags_all": {}
          },
          "sensitive_attributes": [],
          "private": "bnVsbA==",
          "dependencies": [
            "module.eks_node_group.data.aws_iam_policy_document.amazon_eks_worker_node_autoscale_policy"
          ]
        }
      ]
    },
    {
      "module": "module.eks_node_group",
      "mode": "managed",
      "type": "aws_iam_role",
      "name": "default",
      "provider": "provider[\"registry.terraform.io/hashicorp/aws\"]",
      "instances": [
        {
          "index_key": 0,
          "schema_version": 0,
          "attributes": {
            "arn": "arn:aws:iam::752249616998:role/my-new-cluster-workers",
            "assume_role_policy": "{\"Statement\":[{\"Action\":\"sts:AssumeRole\",\"Effect\":\"Allow\",\"Principal\":{\"Service\":\"ec2.amazonaws.com\"},\"Sid\":\"\"}],\"Version\":\"2012-10-17\"}",
            "create_date": "2025-04-29T05:35:10Z",
            "description": "",
            "force_detach_policies": false,
            "id": "my-new-cluster-workers",
            "inline_policy": [],
            "managed_policy_arns": [],
            "max_session_duration": 3600,
            "name": "my-new-cluster-workers",
            "name_prefix": "",
            "path": "/",
            "permissions_boundary": null,
            "role_last_used": [
              {
                "last_used_date": "",
                "region": ""
              }
            ],
            "tags": {
              "Attributes": "workers",
              "Environment": "prod",
              "Name": "my-new-cluster-workers",
              "Resource_type": "eks-nodegroup",
              "Terraform": "true"
            },
            "tags_all": {
              "Attributes": "workers",
              "Environment": "prod",
              "Name": "my-new-cluster-workers",
              "Resource_type": "eks-nodegroup",
              "Terraform": "true"
            },
            "unique_id": "AROA26JMSHJTKIT6OQBSX"
          },
          "sensitive_attributes": [],
          "private": "bnVsbA==",
          "dependencies": [
            "module.eks_node_group.data.aws_iam_policy_document.assume_role"
          ]
        }
      ]
    },
    {
      "module": "module.eks_node_group",
      "mode": "managed",
      "type": "aws_iam_role_policy_attachment",
      "name": "amazon_ec2_container_registry_read_only",
      "provider": "provider[\"registry.terraform.io/hashicorp/aws\"]",
      "instances": [
        {
          "index_key": 0,
          "schema_version": 0,
          "attributes": {
            "id": "my-new-cluster-workers-20250429053510688200000005",
            "policy_arn": "arn:aws:iam::aws:policy/AmazonEC2ContainerRegistryReadOnly",
            "role": "my-new-cluster-workers"
          },
          "sensitive_attributes": [],
          "private": "bnVsbA==",
          "dependencies": [
            "module.eks_node_group.aws_iam_role.default",
            "module.eks_node_group.data.aws_iam_policy_document.assume_role",
            "module.eks_node_group.data.aws_partition.current"
          ]
        }
      ]
    },
    {
      "module": "module.eks_node_group",
      "mode": "managed",
      "type": "aws_iam_role_policy_attachment",
      "name": "amazon_eks_cni_policy",
      "provider": "provider[\"registry.terraform.io/hashicorp/aws\"]",
      "instances": [
        {
          "index_key": 0,
          "schema_version": 0,
          "attributes": {
            "id": "my-new-cluster-workers-20250429053510712000000006",
            "policy_arn": "arn:aws:iam::aws:policy/AmazonEKS_CNI_Policy",
            "role": "my-new-cluster-workers"
          },
          "sensitive_attributes": [],
          "private": "bnVsbA==",
          "dependencies": [
            "module.eks_node_group.aws_iam_role.default",
            "module.eks_node_group.data.aws_iam_policy_document.assume_role",
            "module.eks_node_group.data.aws_partition.current"
          ]
        }
      ]
    },
    {
      "module": "module.eks_node_group",
      "mode": "managed",
      "type": "aws_iam_role_policy_attachment",
      "name": "amazon_eks_worker_node_autoscale_policy",
      "provider": "provider[\"registry.terraform.io/hashicorp/aws\"]",
      "instances": [
        {
          "index_key": 0,
          "schema_version": 0,
          "attributes": {
            "id": "my-new-cluster-workers-20250429053510688100000004",
            "policy_arn": "arn:aws:iam::752249616998:policy/my-new-cluster-workers-autoscale",
            "role": "my-new-cluster-workers"
          },
          "sensitive_attributes": [],
          "private": "bnVsbA==",
          "dependencies": [
            "module.eks_node_group.aws_iam_policy.amazon_eks_worker_node_autoscale_policy",
            "module.eks_node_group.aws_iam_role.default",
            "module.eks_node_group.data.aws_iam_policy_document.amazon_eks_worker_node_autoscale_policy",
            "module.eks_node_group.data.aws_iam_policy_document.assume_role"
          ]
        }
      ]
    },
    {
      "module": "module.eks_node_group",
      "mode": "managed",
      "type": "aws_iam_role_policy_attachment",
      "name": "amazon_eks_worker_node_policy",
      "provider": "provider[\"registry.terraform.io/hashicorp/aws\"]",
      "instances": [
        {
          "index_key": 0,
          "schema_version": 0,
          "attributes": {
            "id": "my-new-cluster-workers-20250429053510421800000002",
            "policy_arn": "arn:aws:iam::aws:policy/AmazonEKSWorkerNodePolicy",
            "role": "my-new-cluster-workers"
          },
          "sensitive_attributes": [],
          "private": "bnVsbA==",
          "dependencies": [
            "module.eks_node_group.aws_iam_role.default",
            "module.eks_node_group.data.aws_iam_policy_document.assume_role",
            "module.eks_node_group.data.aws_partition.current"
          ]
        }
      ]
    },
    {
      "module": "module.eks_node_group",
      "mode": "managed",
      "type": "aws_iam_role_policy_attachment",
      "name": "existing_policies_for_eks_workers_role",
      "provider": "provider[\"registry.terraform.io/hashicorp/aws\"]",
      "instances": [
        {
          "index_key": "arn:aws:iam::aws:policy/CloudWatchLogsFullAccess",
          "schema_version": 0,
          "attributes": {
            "id": "my-new-cluster-workers-20250429053510795400000007",
            "policy_arn": "arn:aws:iam::aws:policy/CloudWatchLogsFullAccess",
            "role": "my-new-cluster-workers"
          },
          "sensitive_attributes": [],
          "private": "bnVsbA==",
          "dependencies": [
            "module.eks_node_group.aws_iam_role.default",
            "module.eks_node_group.data.aws_iam_policy_document.assume_role"
          ]
        },
        {
          "index_key": "arn:aws:iam::aws:policy/SecretsManagerReadWrite",
          "schema_version": 0,
          "attributes": {
            "id": "my-new-cluster-workers-20250429053511550300000008",
            "policy_arn": "arn:aws:iam::aws:policy/SecretsManagerReadWrite",
            "role": "my-new-cluster-workers"
          },
          "sensitive_attributes": [],
          "private": "bnVsbA==",
          "dependencies": [
            "module.eks_node_group.aws_iam_role.default",
            "module.eks_node_group.data.aws_iam_policy_document.assume_role"
          ]
        }
      ]
    },
    {
      "module": "module.eks_node_group",
      "mode": "managed",
      "type": "aws_launch_template",
      "name": "default",
      "provider": "provider[\"registry.terraform.io/hashicorp/aws\"]",
      "instances": [
        {
          "index_key": 0,
          "schema_version": 0,
          "attributes": {
            "arn": "arn:aws:ec2:ap-south-1:752249616998:launch-template/lt-0e012bc562c293be5",
            "block_device_mappings": [
              {
                "device_name": "/dev/xvda",
                "ebs": [
                  {
                    "delete_on_termination": "",
                    "encrypted": "",
                    "iops": 0,
                    "kms_key_id": "",
                    "snapshot_id": "",
                    "throughput": 0,
                    "volume_size": 20,
                    "volume_type": ""
                  }
                ],
                "no_device": "",
                "virtual_name": ""
              }
            ],
            "capacity_reservation_specification": [],
            "cpu_options": [],
            "credit_specification": [],
            "default_version": 1,
            "description": "",
            "disable_api_stop": false,
            "disable_api_termination": false,
            "ebs_optimized": "",
            "elastic_gpu_specifications": [],
            "elastic_inference_accelerator": [],
            "enclave_options": [],
            "hibernation_options": [],
            "iam_instance_profile": [],
            "id": "lt-0e012bc562c293be5",
            "image_id": "",
            "instance_initiated_shutdown_behavior": "",
            "instance_market_options": [],
            "instance_requirements": [],
            "instance_type": "t2.medium",
            "kernel_id": "",
            "key_name": "",
            "latest_version": 1,
            "license_specification": [],
            "maintenance_options": [],
            "metadata_options": [
              {
                "http_endpoint": "enabled",
                "http_protocol_ipv6": "disabled",
                "http_put_response_hop_limit": 2,
                "http_tokens": "",
                "instance_metadata_tags": "disabled"
              }
            ],
            "monitoring": [],
            "name": "my-new-cluster-workers2025042905414366740000000d",
            "name_prefix": "my-new-cluster-workers",
            "network_interfaces": [],
            "placement": [],
            "private_dns_name_options": [],
            "ram_disk_id": "",
            "security_group_names": null,
            "tag_specifications": [
              {
                "resource_type": "instance",
                "tags": {
                  "Attributes": "workers",
                  "Environment": "prod",
                  "Name": "my-new-cluster-workers",
                  "Resource_type": "eks-nodegroup",
                  "Terraform": "true",
                  "kubernetes.io/cluster/my-new-cluster-cluster": "owned"
                }
              },
              {
                "resource_type": "volume",
                "tags": {
                  "Attributes": "workers",
                  "Environment": "prod",
                  "Name": "my-new-cluster-workers",
                  "Resource_type": "eks-nodegroup",
                  "Terraform": "true",
                  "kubernetes.io/cluster/my-new-cluster-cluster": "owned"
                }
              }
            ],
            "tags": {
              "Attributes": "workers",
              "Environment": "prod",
              "Name": "my-new-cluster-workers",
              "Resource_type": "eks-nodegroup",
              "Terraform": "true",
              "k8s.io/cluster-autoscaler/enabled": "true",
              "k8s.io/cluster-autoscaler/my-new-cluster-cluster": "owned",
              "kubernetes.io/cluster/my-new-cluster-cluster": "owned"
            },
            "tags_all": {
              "Attributes": "workers",
              "Environment": "prod",
              "Name": "my-new-cluster-workers",
              "Resource_type": "eks-nodegroup",
              "Terraform": "true",
              "k8s.io/cluster-autoscaler/enabled": "true",
              "k8s.io/cluster-autoscaler/my-new-cluster-cluster": "owned",
              "kubernetes.io/cluster/my-new-cluster-cluster": "owned"
            },
            "update_default_version": true,
            "user_data": "",
            "vpc_security_group_ids": null
          },
          "sensitive_attributes": [],
          "private": "bnVsbA==",
          "dependencies": [
            "data.null_data_source.wait_for_cluster_and_kubernetes_configmap",
            "module.dynamic_subnets.aws_subnet.public",
            "module.dynamic_subnets.data.aws_availability_zones.available",
            "module.dynamic_subnets.data.aws_vpc.default",
            "module.eks_cluster.aws_cloudwatch_log_group.default",
            "module.eks_cluster.aws_eks_cluster.default",
            "module.eks_cluster.aws_iam_role.default",
            "module.eks_cluster.aws_iam_role_policy_attachment.amazon_eks_cluster_policy",
            "module.eks_cluster.aws_iam_role_policy_attachment.amazon_eks_service_policy",
            "module.eks_cluster.aws_kms_key.cluster",
            "module.eks_cluster.aws_security_group.default",
            "module.eks_cluster.data.aws_eks_cluster.eks",
            "module.eks_cluster.data.aws_eks_cluster_auth.eks",
            "module.eks_cluster.data.aws_iam_policy_document.assume_role",
            "module.eks_cluster.data.aws_partition.current",
            "module.eks_cluster.kubernetes_config_map.aws_auth",
            "module.eks_cluster.kubernetes_config_map.aws_auth_ignore_changes",
            "module.eks_cluster.null_resource.wait_for_cluster",
            "module.eks_node_group.aws_iam_role.default",
            "module.eks_node_group.aws_security_group.remote_access",
            "module.eks_node_group.data.aws_ami.selected",
            "module.eks_node_group.data.aws_eks_cluster.this",
            "module.eks_node_group.data.aws_iam_policy_document.assume_role",
            "module.vpc.aws_vpc.default"
          ]
        }
      ]
    },
    {
      "module": "module.nginx_ingress",
      "mode": "managed",
      "type": "null_resource",
      "name": "install_nginx_ingress",
      "provider": "provider[\"registry.terraform.io/hashicorp/null\"]",
      "instances": [
        {
          "schema_version": 0,
          "attributes": {
            "id": "79762832296882349",
            "triggers": {
              "cluster_name": "my-new-cluster"
            }
          },
          "sensitive_attributes": [],
          "private": "bnVsbA==",
          "dependencies": [
            "aws_iam_instance_profile.bastion",
            "aws_iam_role.bastion",
            "data.aws_iam_policy_document.bastion_role",
            "module.bastion.aws_eip.default",
            "module.bastion.aws_iam_instance_profile.default",
            "module.bastion.aws_iam_role.default",
            "module.bastion.aws_instance.default",
            "module.bastion.aws_security_group.default",
            "module.bastion.data.aws_ami.info",
            "module.bastion.data.aws_iam_policy_document.default",
            "module.bastion.data.aws_subnet.default",
            "module.bastion_aws_key_pair.aws_key_pair.generated",
            "module.bastion_aws_key_pair.aws_key_pair.imported",
            "module.bastion_aws_key_pair.tls_private_key.default",
            "module.dynamic_subnets.aws_subnet.public",
            "module.dynamic_subnets.data.aws_availability_zones.available",
            "module.dynamic_subnets.data.aws_vpc.default",
            "module.vpc.aws_vpc.default"
          ]
        }
      ]
    },
    {
      "module": "module.vpc",
      "mode": "managed",
      "type": "aws_default_security_group",
      "name": "default",
      "provider": "provider[\"registry.terraform.io/hashicorp/aws\"]",
      "instances": [
        {
          "index_key": 0,
          "schema_version": 1,
          "attributes": {
            "arn": "arn:aws:ec2:ap-south-1:752249616998:security-group/sg-03c69e72c4191c95d",
            "description": "default VPC security group",
            "egress": [],
            "id": "sg-03c69e72c4191c95d",
            "ingress": [],
            "name": "default",
            "name_prefix": "",
            "owner_id": "752249616998",
            "revoke_rules_on_delete": false,
            "tags": {
              "Environment": "prod",
              "Name": "Default Security Group",
              "Resource_type": "vpc",
              "Terraform": "true"
            },
            "tags_all": {
              "Environment": "prod",
              "Name": "Default Security Group",
              "Resource_type": "vpc",
              "Terraform": "true"
            },
            "vpc_id": "vpc-0d337796c99964ecc"
          },
          "sensitive_attributes": [],
          "private": "eyJzY2hlbWFfdmVyc2lvbiI6IjEifQ==",
          "dependencies": [
            "module.vpc.aws_vpc.default"
          ]
        }
      ]
    },
    {
      "module": "module.vpc",
      "mode": "managed",
      "type": "aws_internet_gateway",
      "name": "default",
      "provider": "provider[\"registry.terraform.io/hashicorp/aws\"]",
      "instances": [
        {
          "index_key": 0,
          "schema_version": 0,
          "attributes": {
            "arn": "arn:aws:ec2:ap-south-1:752249616998:internet-gateway/igw-0a26d001318fd95c2",
            "id": "igw-0a26d001318fd95c2",
            "owner_id": "752249616998",
            "tags": {
              "Environment": "prod",
              "Name": "new-vpc",
              "Resource_type": "vpc",
              "Terraform": "true"
            },
            "tags_all": {
              "Environment": "prod",
              "Name": "new-vpc",
              "Resource_type": "vpc",
              "Terraform": "true"
            },
            "timeouts": null,
            "vpc_id": "vpc-0d337796c99964ecc"
          },
          "sensitive_attributes": [],
          "private": "eyJlMmJmYjczMC1lY2FhLTExZTYtOGY4OC0zNDM2M2JjN2M0YzAiOnsiY3JlYXRlIjoxMjAwMDAwMDAwMDAwLCJkZWxldGUiOjEyMDAwMDAwMDAwMDAsInVwZGF0ZSI6MTIwMDAwMDAwMDAwMH19",
          "dependencies": [
            "module.vpc.aws_vpc.default"
          ]
        }
      ]
    },
    {
      "module": "module.vpc",
      "mode": "managed",
      "type": "aws_security_group_rule",
      "name": "default",
      "provider": "provider[\"registry.terraform.io/hashicorp/aws\"]",
      "instances": [
        {
          "index_key": 0,
          "schema_version": 2,
          "attributes": {
            "cidr_blocks": [
              "0.0.0.0/0"
            ],
            "description": "Allow all egress traffic",
            "from_port": 0,
            "id": "sgrule-3343743789",
            "ipv6_cidr_blocks": null,
            "prefix_list_ids": null,
            "protocol": "-1",
            "security_group_id": "sg-03c69e72c4191c95d",
            "security_group_rule_id": "sgr-0420c21671a5ac4ec",
            "self": false,
            "source_security_group_id": null,
            "timeouts": null,
            "to_port": 0,
            "type": "egress"
          },
          "sensitive_attributes": [],
          "private": "eyJlMmJmYjczMC1lY2FhLTExZTYtOGY4OC0zNDM2M2JjN2M0YzAiOnsiY3JlYXRlIjozMDAwMDAwMDAwMDB9LCJzY2hlbWFfdmVyc2lvbiI6IjIifQ==",
          "dependencies": [
            "module.vpc.aws_default_security_group.default",
            "module.vpc.aws_vpc.default"
          ]
        }
      ]
    },
    {
      "module": "module.vpc",
      "mode": "managed",
      "type": "aws_security_group_rule",
      "name": "default1",
      "provider": "provider[\"registry.terraform.io/hashicorp/aws\"]",
      "instances": [
        {
          "index_key": 0,
          "schema_version": 2,
          "attributes": {
            "cidr_blocks": [
              "172.32.0.0/16"
            ],
            "description": "Allow all egress traffic",
            "from_port": 0,
            "id": "sgrule-3160635256",
            "ipv6_cidr_blocks": null,
            "prefix_list_ids": null,
            "protocol": "-1",
            "security_group_id": "sg-03c69e72c4191c95d",
            "security_group_rule_id": "sgr-01934de992fd9d256",
            "self": false,
            "source_security_group_id": null,
            "timeouts": null,
            "to_port": 0,
            "type": "ingress"
          },
          "sensitive_attributes": [],
          "private": "eyJlMmJmYjczMC1lY2FhLTExZTYtOGY4OC0zNDM2M2JjN2M0YzAiOnsiY3JlYXRlIjozMDAwMDAwMDAwMDB9LCJzY2hlbWFfdmVyc2lvbiI6IjIifQ==",
          "dependencies": [
            "module.vpc.aws_default_security_group.default",
            "module.vpc.aws_vpc.default"
          ]
        }
      ]
    },
    {
      "module": "module.vpc",
      "mode": "managed",
      "type": "aws_vpc",
      "name": "default",
      "provider": "provider[\"registry.terraform.io/hashicorp/aws\"]",
      "instances": [
        {
          "index_key": 0,
          "schema_version": 1,
          "attributes": {
            "arn": "arn:aws:ec2:ap-south-1:752249616998:vpc/vpc-0d337796c99964ecc",
            "assign_generated_ipv6_cidr_block": true,
            "cidr_block": "172.32.0.0/16",
            "default_network_acl_id": "acl-09b0c86db953cf5b6",
            "default_route_table_id": "rtb-01b30dcb557800a62",
            "default_security_group_id": "sg-03c69e72c4191c95d",
            "dhcp_options_id": "dopt-040feb3a1d3d403e2",
            "enable_classiclink": false,
            "enable_classiclink_dns_support": false,
            "enable_dns_hostnames": true,
            "enable_dns_support": true,
            "enable_network_address_usage_metrics": false,
            "id": "vpc-0d337796c99964ecc",
            "instance_tenancy": "default",
            "ipv4_ipam_pool_id": null,
            "ipv4_netmask_length": null,
            "ipv6_association_id": "vpc-cidr-assoc-0570fbe07baa7fb1a",
            "ipv6_cidr_block": "2406:da1a:a5b:eb00::/56",
            "ipv6_cidr_block_network_border_group": "ap-south-1",
            "ipv6_ipam_pool_id": "",
            "ipv6_netmask_length": 0,
            "main_route_table_id": "rtb-01b30dcb557800a62",
            "owner_id": "752249616998",
            "tags": {
              "Environment": "prod",
              "Name": "new-vpc",
              "Resource_type": "vpc",
              "Terraform": "true"
            },
            "tags_all": {
              "Environment": "prod",
              "Name": "new-vpc",
              "Resource_type": "vpc",
              "Terraform": "true"
            }
          },
          "sensitive_attributes": [],
          "private": "eyJzY2hlbWFfdmVyc2lvbiI6IjEifQ==",
          "create_before_destroy": true
        }
      ]
    }
  ],
  "check_results": null
}
